// !$*UTF8*$!
{
	archiveVersion = 1;
	classes = {
	};
	objectVersion = 46;
	objects = {

/* Begin PBXBuildFile section */
		B202D4651348D35A00C389A8 /* JSONKit.h in Headers */ = {isa = PBXBuildFile; fileRef = B202D4621348D35A00C389A8 /* JSONKit.h */; };
		B202D4661348D35A00C389A8 /* JSONKit.m in Sources */ = {isa = PBXBuildFile; fileRef = B202D4631348D35A00C389A8 /* JSONKit.m */; };
		B24ED8C6138C790F00FACB48 /* SSTwitterXAuthViewController.h in Headers */ = {isa = PBXBuildFile; fileRef = B24ED8C4138C790F00FACB48 /* SSTwitterXAuthViewController.h */; };
		B24ED8C7138C790F00FACB48 /* SSTwitterXAuthViewController.m in Sources */ = {isa = PBXBuildFile; fileRef = B24ED8C5138C790F00FACB48 /* SSTwitterXAuthViewController.m */; };
		B24ED8CE138C79CF00FACB48 /* SSTwitterAuthViewControllerDelegate.h in Headers */ = {isa = PBXBuildFile; fileRef = B24ED8CD138C79CF00FACB48 /* SSTwitterAuthViewControllerDelegate.h */; };
		B24ED8DA138C7A9B00FACB48 /* SSTwitterAuthViewController.h in Headers */ = {isa = PBXBuildFile; fileRef = B24ED8D8138C7A9B00FACB48 /* SSTwitterAuthViewController.h */; };
		B24ED8DB138C7A9B00FACB48 /* SSTwitterAuthViewController.m in Sources */ = {isa = PBXBuildFile; fileRef = B24ED8D9138C7A9B00FACB48 /* SSTwitterAuthViewController.m */; };
		B27E1B2611F0D5E000165C54 /* CFNetwork.framework in Frameworks */ = {isa = PBXBuildFile; fileRef = B27E1B2511F0D5E000165C54 /* CFNetwork.framework */; };
		B27E1B2811F0D5E000165C54 /* CoreGraphics.framework in Frameworks */ = {isa = PBXBuildFile; fileRef = B27E1B2711F0D5E000165C54 /* CoreGraphics.framework */; };
		B27E1B2A11F0D5E000165C54 /* Foundation.framework in Frameworks */ = {isa = PBXBuildFile; fileRef = B27E1B2911F0D5E000165C54 /* Foundation.framework */; };
		B27E1B2C11F0D5E000165C54 /* MobileCoreServices.framework in Frameworks */ = {isa = PBXBuildFile; fileRef = B27E1B2B11F0D5E000165C54 /* MobileCoreServices.framework */; };
		B27E1B2E11F0D5E000165C54 /* QuartzCore.framework in Frameworks */ = {isa = PBXBuildFile; fileRef = B27E1B2D11F0D5E000165C54 /* QuartzCore.framework */; };
		B27E1B3011F0D5E000165C54 /* SystemConfiguration.framework in Frameworks */ = {isa = PBXBuildFile; fileRef = B27E1B2F11F0D5E000165C54 /* SystemConfiguration.framework */; };
		B27E1B3211F0D5E000165C54 /* UIKit.framework in Frameworks */ = {isa = PBXBuildFile; fileRef = B27E1B3111F0D5E000165C54 /* UIKit.framework */; };
		B27E1B3411F0D5E000165C54 /* libz.dylib in Frameworks */ = {isa = PBXBuildFile; fileRef = B27E1B3311F0D5E000165C54 /* libz.dylib */; };
		B29851E611F0D865008B1A4A /* Security.framework in Frameworks */ = {isa = PBXBuildFile; fileRef = B29851E511F0D865008B1A4A /* Security.framework */; };
		B2CBDA5D1348D520009DDE4D /* ASIAuthenticationDialog.h in Headers */ = {isa = PBXBuildFile; fileRef = B2CBDA051348D520009DDE4D /* ASIAuthenticationDialog.h */; };
		B2CBDA5E1348D520009DDE4D /* ASIAuthenticationDialog.m in Sources */ = {isa = PBXBuildFile; fileRef = B2CBDA061348D520009DDE4D /* ASIAuthenticationDialog.m */; };
		B2CBDA5F1348D520009DDE4D /* ASICacheDelegate.h in Headers */ = {isa = PBXBuildFile; fileRef = B2CBDA071348D520009DDE4D /* ASICacheDelegate.h */; };
		B2CBDA601348D520009DDE4D /* ASIDataCompressor.h in Headers */ = {isa = PBXBuildFile; fileRef = B2CBDA081348D520009DDE4D /* ASIDataCompressor.h */; };
		B2CBDA611348D520009DDE4D /* ASIDataCompressor.m in Sources */ = {isa = PBXBuildFile; fileRef = B2CBDA091348D520009DDE4D /* ASIDataCompressor.m */; };
		B2CBDA621348D520009DDE4D /* ASIDataDecompressor.h in Headers */ = {isa = PBXBuildFile; fileRef = B2CBDA0A1348D520009DDE4D /* ASIDataDecompressor.h */; };
		B2CBDA631348D520009DDE4D /* ASIDataDecompressor.m in Sources */ = {isa = PBXBuildFile; fileRef = B2CBDA0B1348D520009DDE4D /* ASIDataDecompressor.m */; };
		B2CBDA641348D520009DDE4D /* ASIDownloadCache.h in Headers */ = {isa = PBXBuildFile; fileRef = B2CBDA0C1348D520009DDE4D /* ASIDownloadCache.h */; };
		B2CBDA651348D520009DDE4D /* ASIDownloadCache.m in Sources */ = {isa = PBXBuildFile; fileRef = B2CBDA0D1348D520009DDE4D /* ASIDownloadCache.m */; };
		B2CBDA661348D520009DDE4D /* ASIFormDataRequest.h in Headers */ = {isa = PBXBuildFile; fileRef = B2CBDA0E1348D520009DDE4D /* ASIFormDataRequest.h */; };
		B2CBDA671348D520009DDE4D /* ASIFormDataRequest.m in Sources */ = {isa = PBXBuildFile; fileRef = B2CBDA0F1348D520009DDE4D /* ASIFormDataRequest.m */; };
		B2CBDA681348D520009DDE4D /* ASIHTTPRequest.h in Headers */ = {isa = PBXBuildFile; fileRef = B2CBDA101348D520009DDE4D /* ASIHTTPRequest.h */; };
		B2CBDA691348D520009DDE4D /* ASIHTTPRequest.m in Sources */ = {isa = PBXBuildFile; fileRef = B2CBDA111348D520009DDE4D /* ASIHTTPRequest.m */; };
		B2CBDA6A1348D520009DDE4D /* ASIHTTPRequestConfig.h in Headers */ = {isa = PBXBuildFile; fileRef = B2CBDA121348D520009DDE4D /* ASIHTTPRequestConfig.h */; };
		B2CBDA6B1348D520009DDE4D /* ASIHTTPRequestDelegate.h in Headers */ = {isa = PBXBuildFile; fileRef = B2CBDA131348D520009DDE4D /* ASIHTTPRequestDelegate.h */; };
		B2CBDA6C1348D520009DDE4D /* ASIInputStream.h in Headers */ = {isa = PBXBuildFile; fileRef = B2CBDA141348D520009DDE4D /* ASIInputStream.h */; };
		B2CBDA6D1348D520009DDE4D /* ASIInputStream.m in Sources */ = {isa = PBXBuildFile; fileRef = B2CBDA151348D520009DDE4D /* ASIInputStream.m */; };
		B2CBDA6E1348D520009DDE4D /* ASINetworkQueue.h in Headers */ = {isa = PBXBuildFile; fileRef = B2CBDA161348D520009DDE4D /* ASINetworkQueue.h */; };
		B2CBDA6F1348D520009DDE4D /* ASINetworkQueue.m in Sources */ = {isa = PBXBuildFile; fileRef = B2CBDA171348D520009DDE4D /* ASINetworkQueue.m */; };
		B2CBDA701348D520009DDE4D /* ASIProgressDelegate.h in Headers */ = {isa = PBXBuildFile; fileRef = B2CBDA181348D520009DDE4D /* ASIProgressDelegate.h */; };
		B2CBDAAB1348D520009DDE4D /* Reachability.h in Headers */ = {isa = PBXBuildFile; fileRef = B2CBDA5B1348D520009DDE4D /* Reachability.h */; };
		B2CBDAAC1348D520009DDE4D /* Reachability.m in Sources */ = {isa = PBXBuildFile; fileRef = B2CBDA5C1348D520009DDE4D /* Reachability.m */; };
		B2E034CD121DC80C00D02434 /* NSDictionary+oaCompareKeys.h in Headers */ = {isa = PBXBuildFile; fileRef = B2E03268121DC80B00D02434 /* NSDictionary+oaCompareKeys.h */; };
		B2E034CE121DC80C00D02434 /* NSDictionary+oaCompareKeys.m in Sources */ = {isa = PBXBuildFile; fileRef = B2E03269121DC80B00D02434 /* NSDictionary+oaCompareKeys.m */; };
		B2E034CF121DC80C00D02434 /* NSURL+OAuthString.h in Headers */ = {isa = PBXBuildFile; fileRef = B2E0326A121DC80B00D02434 /* NSURL+OAuthString.h */; };
		B2E034D0121DC80C00D02434 /* NSURL+OAuthString.m in Sources */ = {isa = PBXBuildFile; fileRef = B2E0326B121DC80B00D02434 /* NSURL+OAuthString.m */; };
		B2E034D1121DC80C00D02434 /* SSOAConsumer.h in Headers */ = {isa = PBXBuildFile; fileRef = B2E0326C121DC80B00D02434 /* SSOAConsumer.h */; };
		B2E034D2121DC80C00D02434 /* SSOAConsumer.m in Sources */ = {isa = PBXBuildFile; fileRef = B2E0326D121DC80B00D02434 /* SSOAConsumer.m */; };
		B2E034D3121DC80C00D02434 /* SSOAFormRequest.h in Headers */ = {isa = PBXBuildFile; fileRef = B2E0326E121DC80B00D02434 /* SSOAFormRequest.h */; };
		B2E034D4121DC80C00D02434 /* SSOAFormRequest.m in Sources */ = {isa = PBXBuildFile; fileRef = B2E0326F121DC80B00D02434 /* SSOAFormRequest.m */; };
		B2E034D5121DC80C00D02434 /* SSOARequest.h in Headers */ = {isa = PBXBuildFile; fileRef = B2E03270121DC80B00D02434 /* SSOARequest.h */; };
		B2E034D6121DC80C00D02434 /* SSOARequest.m in Sources */ = {isa = PBXBuildFile; fileRef = B2E03271121DC80B00D02434 /* SSOARequest.m */; };
		B2E034D7121DC80C00D02434 /* SSOAToken.h in Headers */ = {isa = PBXBuildFile; fileRef = B2E03272121DC80B00D02434 /* SSOAToken.h */; };
		B2E034D8121DC80C00D02434 /* SSOAToken.m in Sources */ = {isa = PBXBuildFile; fileRef = B2E03273121DC80B00D02434 /* SSOAToken.m */; };
		B2E034D9121DC80C00D02434 /* SSOAuthKit.h in Headers */ = {isa = PBXBuildFile; fileRef = B2E03274121DC80B00D02434 /* SSOAuthKit.h */; };
		B2E034DA121DC80C00D02434 /* SSOAuthKitConfiguration.h in Headers */ = {isa = PBXBuildFile; fileRef = B2E03275121DC80B00D02434 /* SSOAuthKitConfiguration.h */; };
		B2E034DB121DC80C00D02434 /* SSOAuthKitConfiguration.m in Sources */ = {isa = PBXBuildFile; fileRef = B2E03276121DC80B00D02434 /* SSOAuthKitConfiguration.m */; };
		B2E034DE121DC80C00D02434 /* SSTwitterOAuthViewController.h in Headers */ = {isa = PBXBuildFile; fileRef = B2E03279121DC80B00D02434 /* SSTwitterOAuthViewController.h */; };
		B2E034DF121DC80C00D02434 /* SSTwitterOAuthViewController.m in Sources */ = {isa = PBXBuildFile; fileRef = B2E0327A121DC80B00D02434 /* SSTwitterOAuthViewController.m */; };
		B2E03540121DC80C00D02434 /* Base64Transcoder.c in Sources */ = {isa = PBXBuildFile; fileRef = B2E0332B121DC80B00D02434 /* Base64Transcoder.c */; };
		B2E03541121DC80C00D02434 /* Base64Transcoder.h in Headers */ = {isa = PBXBuildFile; fileRef = B2E0332C121DC80B00D02434 /* Base64Transcoder.h */; };
		B2E03542121DC80C00D02434 /* OAHMAC_SHA1SignatureProvider.h in Headers */ = {isa = PBXBuildFile; fileRef = B2E0332D121DC80B00D02434 /* OAHMAC_SHA1SignatureProvider.h */; };
		B2E03543121DC80C00D02434 /* OAHMAC_SHA1SignatureProvider.m in Sources */ = {isa = PBXBuildFile; fileRef = B2E0332E121DC80B00D02434 /* OAHMAC_SHA1SignatureProvider.m */; };
		B2E03544121DC80C00D02434 /* OASignatureProviding.h in Headers */ = {isa = PBXBuildFile; fileRef = B2E0332F121DC80B00D02434 /* OASignatureProviding.h */; };
		B2E03636121DC81E00D02434 /* SSOAuthKit_Prefix.pch in Headers */ = {isa = PBXBuildFile; fileRef = B2E03635121DC81E00D02434 /* SSOAuthKit_Prefix.pch */; };
		B2E03656121DC85D00D02434 /* libSSToolkit.a in Frameworks */ = {isa = PBXBuildFile; fileRef = B2E0363B121DC83C00D02434 /* libSSToolkit.a */; };
/* End PBXBuildFile section */

/* Begin PBXContainerItemProxy section */
		B21B53EB13B7E36B00AF8B2A /* PBXContainerItemProxy */ = {
			isa = PBXContainerItemProxy;
			containerPortal = B2E033BA121DC80C00D02434 /* SSToolkit.xcodeproj */;
			proxyType = 2;
			remoteGlobalIDString = B239101D1357DC3E00ADE21B;
			remoteInfo = SSToolkitTests;
		};
		B2E0363A121DC83C00D02434 /* PBXContainerItemProxy */ = {
			isa = PBXContainerItemProxy;
			containerPortal = B2E033BA121DC80C00D02434 /* SSToolkit.xcodeproj */;
			proxyType = 2;
			remoteGlobalIDString = D2AAC07E0554694100DB518D;
			remoteInfo = SSToolkit;
		};
		B2E0365A121DC86900D02434 /* PBXContainerItemProxy */ = {
			isa = PBXContainerItemProxy;
			containerPortal = B2E033BA121DC80C00D02434 /* SSToolkit.xcodeproj */;
			proxyType = 1;
			remoteGlobalIDString = D2AAC07D0554694100DB518D;
			remoteInfo = SSToolkit;
		};
/* End PBXContainerItemProxy section */

/* Begin PBXFileReference section */
		B202D4621348D35A00C389A8 /* JSONKit.h */ = {isa = PBXFileReference; fileEncoding = 4; lastKnownFileType = sourcecode.c.h; path = JSONKit.h; sourceTree = "<group>"; };
		B202D4631348D35A00C389A8 /* JSONKit.m */ = {isa = PBXFileReference; fileEncoding = 4; lastKnownFileType = sourcecode.c.objc; path = JSONKit.m; sourceTree = "<group>"; };
		B24ED8C4138C790F00FACB48 /* SSTwitterXAuthViewController.h */ = {isa = PBXFileReference; fileEncoding = 4; lastKnownFileType = sourcecode.c.h; path = SSTwitterXAuthViewController.h; sourceTree = "<group>"; };
		B24ED8C5138C790F00FACB48 /* SSTwitterXAuthViewController.m */ = {isa = PBXFileReference; fileEncoding = 4; lastKnownFileType = sourcecode.c.objc; path = SSTwitterXAuthViewController.m; sourceTree = "<group>"; };
		B24ED8CD138C79CF00FACB48 /* SSTwitterAuthViewControllerDelegate.h */ = {isa = PBXFileReference; fileEncoding = 4; lastKnownFileType = sourcecode.c.h; path = SSTwitterAuthViewControllerDelegate.h; sourceTree = "<group>"; };
		B24ED8D8138C7A9B00FACB48 /* SSTwitterAuthViewController.h */ = {isa = PBXFileReference; fileEncoding = 4; lastKnownFileType = sourcecode.c.h; path = SSTwitterAuthViewController.h; sourceTree = "<group>"; };
		B24ED8D9138C7A9B00FACB48 /* SSTwitterAuthViewController.m */ = {isa = PBXFileReference; fileEncoding = 4; lastKnownFileType = sourcecode.c.objc; path = SSTwitterAuthViewController.m; sourceTree = "<group>"; };
		B27E1B2511F0D5E000165C54 /* CFNetwork.framework */ = {isa = PBXFileReference; lastKnownFileType = wrapper.framework; name = CFNetwork.framework; path = System/Library/Frameworks/CFNetwork.framework; sourceTree = SDKROOT; };
		B27E1B2711F0D5E000165C54 /* CoreGraphics.framework */ = {isa = PBXFileReference; lastKnownFileType = wrapper.framework; name = CoreGraphics.framework; path = System/Library/Frameworks/CoreGraphics.framework; sourceTree = SDKROOT; };
		B27E1B2911F0D5E000165C54 /* Foundation.framework */ = {isa = PBXFileReference; lastKnownFileType = wrapper.framework; name = Foundation.framework; path = System/Library/Frameworks/Foundation.framework; sourceTree = SDKROOT; };
		B27E1B2B11F0D5E000165C54 /* MobileCoreServices.framework */ = {isa = PBXFileReference; lastKnownFileType = wrapper.framework; name = MobileCoreServices.framework; path = System/Library/Frameworks/MobileCoreServices.framework; sourceTree = SDKROOT; };
		B27E1B2D11F0D5E000165C54 /* QuartzCore.framework */ = {isa = PBXFileReference; lastKnownFileType = wrapper.framework; name = QuartzCore.framework; path = System/Library/Frameworks/QuartzCore.framework; sourceTree = SDKROOT; };
		B27E1B2F11F0D5E000165C54 /* SystemConfiguration.framework */ = {isa = PBXFileReference; lastKnownFileType = wrapper.framework; name = SystemConfiguration.framework; path = System/Library/Frameworks/SystemConfiguration.framework; sourceTree = SDKROOT; };
		B27E1B3111F0D5E000165C54 /* UIKit.framework */ = {isa = PBXFileReference; lastKnownFileType = wrapper.framework; name = UIKit.framework; path = System/Library/Frameworks/UIKit.framework; sourceTree = SDKROOT; };
		B27E1B3311F0D5E000165C54 /* libz.dylib */ = {isa = PBXFileReference; lastKnownFileType = "compiled.mach-o.dylib"; name = libz.dylib; path = usr/lib/libz.dylib; sourceTree = SDKROOT; };
		B29851E511F0D865008B1A4A /* Security.framework */ = {isa = PBXFileReference; lastKnownFileType = wrapper.framework; name = Security.framework; path = System/Library/Frameworks/Security.framework; sourceTree = SDKROOT; };
		B2CBDA051348D520009DDE4D /* ASIAuthenticationDialog.h */ = {isa = PBXFileReference; fileEncoding = 4; lastKnownFileType = sourcecode.c.h; path = ASIAuthenticationDialog.h; sourceTree = "<group>"; };
		B2CBDA061348D520009DDE4D /* ASIAuthenticationDialog.m */ = {isa = PBXFileReference; fileEncoding = 4; lastKnownFileType = sourcecode.c.objc; path = ASIAuthenticationDialog.m; sourceTree = "<group>"; };
		B2CBDA071348D520009DDE4D /* ASICacheDelegate.h */ = {isa = PBXFileReference; fileEncoding = 4; lastKnownFileType = sourcecode.c.h; path = ASICacheDelegate.h; sourceTree = "<group>"; };
		B2CBDA081348D520009DDE4D /* ASIDataCompressor.h */ = {isa = PBXFileReference; fileEncoding = 4; lastKnownFileType = sourcecode.c.h; path = ASIDataCompressor.h; sourceTree = "<group>"; };
		B2CBDA091348D520009DDE4D /* ASIDataCompressor.m */ = {isa = PBXFileReference; fileEncoding = 4; lastKnownFileType = sourcecode.c.objc; path = ASIDataCompressor.m; sourceTree = "<group>"; };
		B2CBDA0A1348D520009DDE4D /* ASIDataDecompressor.h */ = {isa = PBXFileReference; fileEncoding = 4; lastKnownFileType = sourcecode.c.h; path = ASIDataDecompressor.h; sourceTree = "<group>"; };
		B2CBDA0B1348D520009DDE4D /* ASIDataDecompressor.m */ = {isa = PBXFileReference; fileEncoding = 4; lastKnownFileType = sourcecode.c.objc; path = ASIDataDecompressor.m; sourceTree = "<group>"; };
		B2CBDA0C1348D520009DDE4D /* ASIDownloadCache.h */ = {isa = PBXFileReference; fileEncoding = 4; lastKnownFileType = sourcecode.c.h; path = ASIDownloadCache.h; sourceTree = "<group>"; };
		B2CBDA0D1348D520009DDE4D /* ASIDownloadCache.m */ = {isa = PBXFileReference; fileEncoding = 4; lastKnownFileType = sourcecode.c.objc; path = ASIDownloadCache.m; sourceTree = "<group>"; };
		B2CBDA0E1348D520009DDE4D /* ASIFormDataRequest.h */ = {isa = PBXFileReference; fileEncoding = 4; lastKnownFileType = sourcecode.c.h; path = ASIFormDataRequest.h; sourceTree = "<group>"; };
		B2CBDA0F1348D520009DDE4D /* ASIFormDataRequest.m */ = {isa = PBXFileReference; fileEncoding = 4; lastKnownFileType = sourcecode.c.objc; path = ASIFormDataRequest.m; sourceTree = "<group>"; };
		B2CBDA101348D520009DDE4D /* ASIHTTPRequest.h */ = {isa = PBXFileReference; fileEncoding = 4; lastKnownFileType = sourcecode.c.h; path = ASIHTTPRequest.h; sourceTree = "<group>"; };
		B2CBDA111348D520009DDE4D /* ASIHTTPRequest.m */ = {isa = PBXFileReference; fileEncoding = 4; lastKnownFileType = sourcecode.c.objc; path = ASIHTTPRequest.m; sourceTree = "<group>"; };
		B2CBDA121348D520009DDE4D /* ASIHTTPRequestConfig.h */ = {isa = PBXFileReference; fileEncoding = 4; lastKnownFileType = sourcecode.c.h; path = ASIHTTPRequestConfig.h; sourceTree = "<group>"; };
		B2CBDA131348D520009DDE4D /* ASIHTTPRequestDelegate.h */ = {isa = PBXFileReference; fileEncoding = 4; lastKnownFileType = sourcecode.c.h; path = ASIHTTPRequestDelegate.h; sourceTree = "<group>"; };
		B2CBDA141348D520009DDE4D /* ASIInputStream.h */ = {isa = PBXFileReference; fileEncoding = 4; lastKnownFileType = sourcecode.c.h; path = ASIInputStream.h; sourceTree = "<group>"; };
		B2CBDA151348D520009DDE4D /* ASIInputStream.m */ = {isa = PBXFileReference; fileEncoding = 4; lastKnownFileType = sourcecode.c.objc; path = ASIInputStream.m; sourceTree = "<group>"; };
		B2CBDA161348D520009DDE4D /* ASINetworkQueue.h */ = {isa = PBXFileReference; fileEncoding = 4; lastKnownFileType = sourcecode.c.h; path = ASINetworkQueue.h; sourceTree = "<group>"; };
		B2CBDA171348D520009DDE4D /* ASINetworkQueue.m */ = {isa = PBXFileReference; fileEncoding = 4; lastKnownFileType = sourcecode.c.objc; path = ASINetworkQueue.m; sourceTree = "<group>"; };
		B2CBDA181348D520009DDE4D /* ASIProgressDelegate.h */ = {isa = PBXFileReference; fileEncoding = 4; lastKnownFileType = sourcecode.c.h; path = ASIProgressDelegate.h; sourceTree = "<group>"; };
		B2CBDA5B1348D520009DDE4D /* Reachability.h */ = {isa = PBXFileReference; fileEncoding = 4; lastKnownFileType = sourcecode.c.h; path = Reachability.h; sourceTree = "<group>"; };
		B2CBDA5C1348D520009DDE4D /* Reachability.m */ = {isa = PBXFileReference; fileEncoding = 4; lastKnownFileType = sourcecode.c.objc; path = Reachability.m; sourceTree = "<group>"; };
		B2E03268121DC80B00D02434 /* NSDictionary+oaCompareKeys.h */ = {isa = PBXFileReference; fileEncoding = 4; lastKnownFileType = sourcecode.c.h; path = "NSDictionary+oaCompareKeys.h"; sourceTree = "<group>"; };
		B2E03269121DC80B00D02434 /* NSDictionary+oaCompareKeys.m */ = {isa = PBXFileReference; fileEncoding = 4; lastKnownFileType = sourcecode.c.objc; path = "NSDictionary+oaCompareKeys.m"; sourceTree = "<group>"; };
		B2E0326A121DC80B00D02434 /* NSURL+OAuthString.h */ = {isa = PBXFileReference; fileEncoding = 4; lastKnownFileType = sourcecode.c.h; path = "NSURL+OAuthString.h"; sourceTree = "<group>"; };
		B2E0326B121DC80B00D02434 /* NSURL+OAuthString.m */ = {isa = PBXFileReference; fileEncoding = 4; lastKnownFileType = sourcecode.c.objc; path = "NSURL+OAuthString.m"; sourceTree = "<group>"; };
		B2E0326C121DC80B00D02434 /* SSOAConsumer.h */ = {isa = PBXFileReference; fileEncoding = 4; lastKnownFileType = sourcecode.c.h; path = SSOAConsumer.h; sourceTree = "<group>"; };
		B2E0326D121DC80B00D02434 /* SSOAConsumer.m */ = {isa = PBXFileReference; fileEncoding = 4; lastKnownFileType = sourcecode.c.objc; path = SSOAConsumer.m; sourceTree = "<group>"; };
		B2E0326E121DC80B00D02434 /* SSOAFormRequest.h */ = {isa = PBXFileReference; fileEncoding = 4; lastKnownFileType = sourcecode.c.h; path = SSOAFormRequest.h; sourceTree = "<group>"; };
		B2E0326F121DC80B00D02434 /* SSOAFormRequest.m */ = {isa = PBXFileReference; fileEncoding = 4; lastKnownFileType = sourcecode.c.objc; path = SSOAFormRequest.m; sourceTree = "<group>"; };
		B2E03270121DC80B00D02434 /* SSOARequest.h */ = {isa = PBXFileReference; fileEncoding = 4; lastKnownFileType = sourcecode.c.h; path = SSOARequest.h; sourceTree = "<group>"; };
		B2E03271121DC80B00D02434 /* SSOARequest.m */ = {isa = PBXFileReference; fileEncoding = 4; lastKnownFileType = sourcecode.c.objc; path = SSOARequest.m; sourceTree = "<group>"; };
		B2E03272121DC80B00D02434 /* SSOAToken.h */ = {isa = PBXFileReference; fileEncoding = 4; lastKnownFileType = sourcecode.c.h; path = SSOAToken.h; sourceTree = "<group>"; };
		B2E03273121DC80B00D02434 /* SSOAToken.m */ = {isa = PBXFileReference; fileEncoding = 4; lastKnownFileType = sourcecode.c.objc; path = SSOAToken.m; sourceTree = "<group>"; };
		B2E03274121DC80B00D02434 /* SSOAuthKit.h */ = {isa = PBXFileReference; fileEncoding = 4; lastKnownFileType = sourcecode.c.h; path = SSOAuthKit.h; sourceTree = "<group>"; };
		B2E03275121DC80B00D02434 /* SSOAuthKitConfiguration.h */ = {isa = PBXFileReference; fileEncoding = 4; lastKnownFileType = sourcecode.c.h; path = SSOAuthKitConfiguration.h; sourceTree = "<group>"; };
		B2E03276121DC80B00D02434 /* SSOAuthKitConfiguration.m */ = {isa = PBXFileReference; fileEncoding = 4; lastKnownFileType = sourcecode.c.objc; path = SSOAuthKitConfiguration.m; sourceTree = "<group>"; };
		B2E03279121DC80B00D02434 /* SSTwitterOAuthViewController.h */ = {isa = PBXFileReference; fileEncoding = 4; lastKnownFileType = sourcecode.c.h; path = SSTwitterOAuthViewController.h; sourceTree = "<group>"; };
		B2E0327A121DC80B00D02434 /* SSTwitterOAuthViewController.m */ = {isa = PBXFileReference; fileEncoding = 4; lastKnownFileType = sourcecode.c.objc; path = SSTwitterOAuthViewController.m; sourceTree = "<group>"; };
		B2E0332B121DC80B00D02434 /* Base64Transcoder.c */ = {isa = PBXFileReference; fileEncoding = 4; lastKnownFileType = sourcecode.c.c; path = Base64Transcoder.c; sourceTree = "<group>"; };
		B2E0332C121DC80B00D02434 /* Base64Transcoder.h */ = {isa = PBXFileReference; fileEncoding = 4; lastKnownFileType = sourcecode.c.h; path = Base64Transcoder.h; sourceTree = "<group>"; };
		B2E0332D121DC80B00D02434 /* OAHMAC_SHA1SignatureProvider.h */ = {isa = PBXFileReference; fileEncoding = 4; lastKnownFileType = sourcecode.c.h; path = OAHMAC_SHA1SignatureProvider.h; sourceTree = "<group>"; };
		B2E0332E121DC80B00D02434 /* OAHMAC_SHA1SignatureProvider.m */ = {isa = PBXFileReference; fileEncoding = 4; lastKnownFileType = sourcecode.c.objc; path = OAHMAC_SHA1SignatureProvider.m; sourceTree = "<group>"; };
		B2E0332F121DC80B00D02434 /* OASignatureProviding.h */ = {isa = PBXFileReference; fileEncoding = 4; lastKnownFileType = sourcecode.c.h; path = OASignatureProviding.h; sourceTree = "<group>"; };
		B2E033BA121DC80C00D02434 /* SSToolkit.xcodeproj */ = {isa = PBXFileReference; lastKnownFileType = "wrapper.pb-project"; name = SSToolkit.xcodeproj; path = SSToolkit/SSToolkit.xcodeproj; sourceTree = "<group>"; };
		B2E03632121DC81100D02434 /* SSOAuthKit.bundle */ = {isa = PBXFileReference; lastKnownFileType = "wrapper.plug-in"; path = SSOAuthKit.bundle; sourceTree = "<group>"; };
		B2E03635121DC81E00D02434 /* SSOAuthKit_Prefix.pch */ = {isa = PBXFileReference; fileEncoding = 4; lastKnownFileType = sourcecode.c.h; path = SSOAuthKit_Prefix.pch; sourceTree = "<group>"; };
		D2AAC07E0554694100DB518D /* libSSOAuthKit.a */ = {isa = PBXFileReference; explicitFileType = archive.ar; includeInIndex = 0; path = libSSOAuthKit.a; sourceTree = BUILT_PRODUCTS_DIR; };
/* End PBXFileReference section */

/* Begin PBXFrameworksBuildPhase section */
		D2AAC07C0554694100DB518D /* Frameworks */ = {
			isa = PBXFrameworksBuildPhase;
			buildActionMask = 2147483647;
			files = (
				B27E1B2611F0D5E000165C54 /* CFNetwork.framework in Frameworks */,
				B27E1B2811F0D5E000165C54 /* CoreGraphics.framework in Frameworks */,
				B27E1B2A11F0D5E000165C54 /* Foundation.framework in Frameworks */,
				B27E1B2C11F0D5E000165C54 /* MobileCoreServices.framework in Frameworks */,
				B27E1B2E11F0D5E000165C54 /* QuartzCore.framework in Frameworks */,
				B27E1B3011F0D5E000165C54 /* SystemConfiguration.framework in Frameworks */,
				B27E1B3211F0D5E000165C54 /* UIKit.framework in Frameworks */,
				B27E1B3411F0D5E000165C54 /* libz.dylib in Frameworks */,
				B29851E611F0D865008B1A4A /* Security.framework in Frameworks */,
				B2E03656121DC85D00D02434 /* libSSToolkit.a in Frameworks */,
			);
			runOnlyForDeploymentPostprocessing = 0;
		};
/* End PBXFrameworksBuildPhase section */

/* Begin PBXGroup section */
		034768DFFF38A50411DB9C8B /* Products */ = {
			isa = PBXGroup;
			children = (
				D2AAC07E0554694100DB518D /* libSSOAuthKit.a */,
			);
			name = Products;
			sourceTree = "<group>";
		};
		0867D691FE84028FC02AAC07 /* TWOAuthKit */ = {
			isa = PBXGroup;
			children = (
				B2E03267121DC80B00D02434 /* SSOAuthKit */,
				B298527F11F0DCB4008B1A4A /* Resources */,
				B2BA993610B352D3001EEA88 /* Other Sources */,
				0867D69AFE84028FC02AAC07 /* Frameworks */,
				034768DFFF38A50411DB9C8B /* Products */,
			);
			name = TWOAuthKit;
			sourceTree = "<group>";
		};
		0867D69AFE84028FC02AAC07 /* Frameworks */ = {
			isa = PBXGroup;
			children = (
				B27E1B2511F0D5E000165C54 /* CFNetwork.framework */,
				B27E1B2711F0D5E000165C54 /* CoreGraphics.framework */,
				B27E1B2911F0D5E000165C54 /* Foundation.framework */,
				B27E1B2B11F0D5E000165C54 /* MobileCoreServices.framework */,
				B27E1B2D11F0D5E000165C54 /* QuartzCore.framework */,
				B27E1B2F11F0D5E000165C54 /* SystemConfiguration.framework */,
				B27E1B3111F0D5E000165C54 /* UIKit.framework */,
				B27E1B3311F0D5E000165C54 /* libz.dylib */,
				B29851E511F0D865008B1A4A /* Security.framework */,
			);
			name = Frameworks;
			sourceTree = "<group>";
		};
		B202D43C1348D35A00C389A8 /* JSONKit */ = {
			isa = PBXGroup;
			children = (
				B202D4621348D35A00C389A8 /* JSONKit.h */,
				B202D4631348D35A00C389A8 /* JSONKit.m */,
			);
			path = JSONKit;
			sourceTree = "<group>";
		};
		B24ED8DD138C7ACC00FACB48 /* Categories */ = {
			isa = PBXGroup;
			children = (
				B2E03268121DC80B00D02434 /* NSDictionary+oaCompareKeys.h */,
				B2E03269121DC80B00D02434 /* NSDictionary+oaCompareKeys.m */,
				B2E0326A121DC80B00D02434 /* NSURL+OAuthString.h */,
				B2E0326B121DC80B00D02434 /* NSURL+OAuthString.m */,
			);
			name = Categories;
			sourceTree = "<group>";
		};
		B24ED8DE138C7AD500FACB48 /* OAuth */ = {
			isa = PBXGroup;
			children = (
				B2E0326C121DC80B00D02434 /* SSOAConsumer.h */,
				B2E0326D121DC80B00D02434 /* SSOAConsumer.m */,
				B2E0326E121DC80B00D02434 /* SSOAFormRequest.h */,
				B2E0326F121DC80B00D02434 /* SSOAFormRequest.m */,
				B2E03270121DC80B00D02434 /* SSOARequest.h */,
				B2E03271121DC80B00D02434 /* SSOARequest.m */,
				B2E03272121DC80B00D02434 /* SSOAToken.h */,
				B2E03273121DC80B00D02434 /* SSOAToken.m */,
			);
			name = OAuth;
			sourceTree = "<group>";
		};
		B24ED8DF138C7AE300FACB48 /* Twitter */ = {
			isa = PBXGroup;
			children = (
				B24ED8D8138C7A9B00FACB48 /* SSTwitterAuthViewController.h */,
				B24ED8D9138C7A9B00FACB48 /* SSTwitterAuthViewController.m */,
				B24ED8CD138C79CF00FACB48 /* SSTwitterAuthViewControllerDelegate.h */,
				B2E03279121DC80B00D02434 /* SSTwitterOAuthViewController.h */,
				B2E0327A121DC80B00D02434 /* SSTwitterOAuthViewController.m */,
				B24ED8C4138C790F00FACB48 /* SSTwitterXAuthViewController.h */,
				B24ED8C5138C790F00FACB48 /* SSTwitterXAuthViewController.m */,
			);
			name = Twitter;
			sourceTree = "<group>";
		};
		B24ED8E0138C7AED00FACB48 /* Configuration */ = {
			isa = PBXGroup;
			children = (
				B2E03275121DC80B00D02434 /* SSOAuthKitConfiguration.h */,
				B2E03276121DC80B00D02434 /* SSOAuthKitConfiguration.m */,
			);
			name = Configuration;
			sourceTree = "<group>";
		};
		B298527F11F0DCB4008B1A4A /* Resources */ = {
			isa = PBXGroup;
			children = (
				B2E03632121DC81100D02434 /* SSOAuthKit.bundle */,
			);
			path = Resources;
			sourceTree = "<group>";
		};
		B2BA993610B352D3001EEA88 /* Other Sources */ = {
			isa = PBXGroup;
			children = (
				B2E03635121DC81E00D02434 /* SSOAuthKit_Prefix.pch */,
			);
			path = "Other Sources";
			sourceTree = "<group>";
		};
		B2CBDA041348D520009DDE4D /* Classes */ = {
			isa = PBXGroup;
			children = (
				B2CBDA051348D520009DDE4D /* ASIAuthenticationDialog.h */,
				B2CBDA061348D520009DDE4D /* ASIAuthenticationDialog.m */,
				B2CBDA071348D520009DDE4D /* ASICacheDelegate.h */,
				B2CBDA081348D520009DDE4D /* ASIDataCompressor.h */,
				B2CBDA091348D520009DDE4D /* ASIDataCompressor.m */,
				B2CBDA0A1348D520009DDE4D /* ASIDataDecompressor.h */,
				B2CBDA0B1348D520009DDE4D /* ASIDataDecompressor.m */,
				B2CBDA0C1348D520009DDE4D /* ASIDownloadCache.h */,
				B2CBDA0D1348D520009DDE4D /* ASIDownloadCache.m */,
				B2CBDA0E1348D520009DDE4D /* ASIFormDataRequest.h */,
				B2CBDA0F1348D520009DDE4D /* ASIFormDataRequest.m */,
				B2CBDA101348D520009DDE4D /* ASIHTTPRequest.h */,
				B2CBDA111348D520009DDE4D /* ASIHTTPRequest.m */,
				B2CBDA121348D520009DDE4D /* ASIHTTPRequestConfig.h */,
				B2CBDA131348D520009DDE4D /* ASIHTTPRequestDelegate.h */,
				B2CBDA141348D520009DDE4D /* ASIInputStream.h */,
				B2CBDA151348D520009DDE4D /* ASIInputStream.m */,
				B2CBDA161348D520009DDE4D /* ASINetworkQueue.h */,
				B2CBDA171348D520009DDE4D /* ASINetworkQueue.m */,
				B2CBDA181348D520009DDE4D /* ASIProgressDelegate.h */,
			);
			path = Classes;
			sourceTree = "<group>";
		};
		B2CBDA571348D520009DDE4D /* External */ = {
			isa = PBXGroup;
			children = (
				B2CBDA5A1348D520009DDE4D /* Reachability */,
			);
			path = External;
			sourceTree = "<group>";
		};
		B2CBDA5A1348D520009DDE4D /* Reachability */ = {
			isa = PBXGroup;
			children = (
				B2CBDA5B1348D520009DDE4D /* Reachability.h */,
				B2CBDA5C1348D520009DDE4D /* Reachability.m */,
			);
			path = Reachability;
			sourceTree = "<group>";
		};
		B2E03267121DC80B00D02434 /* SSOAuthKit */ = {
			isa = PBXGroup;
			children = (
				B2E03274121DC80B00D02434 /* SSOAuthKit.h */,
				B24ED8E0138C7AED00FACB48 /* Configuration */,
				B24ED8DE138C7AD500FACB48 /* OAuth */,
				B24ED8DF138C7AE300FACB48 /* Twitter */,
				B24ED8DD138C7ACC00FACB48 /* Categories */,
				B2E0327B121DC80B00D02434 /* Vendor */,
			);
			path = SSOAuthKit;
			sourceTree = "<group>";
		};
		B2E0327B121DC80B00D02434 /* Vendor */ = {
			isa = PBXGroup;
			children = (
				B2E033BA121DC80C00D02434 /* SSToolkit.xcodeproj */,
				B2E0327C121DC80B00D02434 /* ASIHTTPRequest */,
				B202D43C1348D35A00C389A8 /* JSONKit */,
				B2E0332A121DC80B00D02434 /* OAuthConsumer */,
			);
			path = Vendor;
			sourceTree = "<group>";
		};
		B2E0327C121DC80B00D02434 /* ASIHTTPRequest */ = {
			isa = PBXGroup;
			children = (
				B2CBDA041348D520009DDE4D /* Classes */,
				B2CBDA571348D520009DDE4D /* External */,
			);
			path = ASIHTTPRequest;
			sourceTree = "<group>";
		};
		B2E0332A121DC80B00D02434 /* OAuthConsumer */ = {
			isa = PBXGroup;
			children = (
				B2E0332B121DC80B00D02434 /* Base64Transcoder.c */,
				B2E0332C121DC80B00D02434 /* Base64Transcoder.h */,
				B2E0332D121DC80B00D02434 /* OAHMAC_SHA1SignatureProvider.h */,
				B2E0332E121DC80B00D02434 /* OAHMAC_SHA1SignatureProvider.m */,
				B2E0332F121DC80B00D02434 /* OASignatureProviding.h */,
			);
			path = OAuthConsumer;
			sourceTree = "<group>";
		};
		B2E03637121DC83C00D02434 /* Products */ = {
			isa = PBXGroup;
			children = (
				B2E0363B121DC83C00D02434 /* libSSToolkit.a */,
				B21B53EC13B7E36B00AF8B2A /* SSToolkitTests.app */,
			);
			name = Products;
			sourceTree = "<group>";
		};
/* End PBXGroup section */

/* Begin PBXHeadersBuildPhase section */
		D2AAC07A0554694100DB518D /* Headers */ = {
			isa = PBXHeadersBuildPhase;
			buildActionMask = 2147483647;
			files = (
				B2E034CD121DC80C00D02434 /* NSDictionary+oaCompareKeys.h in Headers */,
				B2E034CF121DC80C00D02434 /* NSURL+OAuthString.h in Headers */,
				B2E034D1121DC80C00D02434 /* SSOAConsumer.h in Headers */,
				B2E034D3121DC80C00D02434 /* SSOAFormRequest.h in Headers */,
				B2E034D5121DC80C00D02434 /* SSOARequest.h in Headers */,
				B2E034D7121DC80C00D02434 /* SSOAToken.h in Headers */,
				B2E034D9121DC80C00D02434 /* SSOAuthKit.h in Headers */,
				B2E034DA121DC80C00D02434 /* SSOAuthKitConfiguration.h in Headers */,
				B2E034DE121DC80C00D02434 /* SSTwitterOAuthViewController.h in Headers */,
				B2E03541121DC80C00D02434 /* Base64Transcoder.h in Headers */,
				B2E03542121DC80C00D02434 /* OAHMAC_SHA1SignatureProvider.h in Headers */,
				B2E03544121DC80C00D02434 /* OASignatureProviding.h in Headers */,
				B2E03636121DC81E00D02434 /* SSOAuthKit_Prefix.pch in Headers */,
				B202D4651348D35A00C389A8 /* JSONKit.h in Headers */,
				B2CBDA5D1348D520009DDE4D /* ASIAuthenticationDialog.h in Headers */,
				B2CBDA5F1348D520009DDE4D /* ASICacheDelegate.h in Headers */,
				B2CBDA601348D520009DDE4D /* ASIDataCompressor.h in Headers */,
				B2CBDA621348D520009DDE4D /* ASIDataDecompressor.h in Headers */,
				B2CBDA641348D520009DDE4D /* ASIDownloadCache.h in Headers */,
				B2CBDA661348D520009DDE4D /* ASIFormDataRequest.h in Headers */,
				B2CBDA681348D520009DDE4D /* ASIHTTPRequest.h in Headers */,
				B2CBDA6A1348D520009DDE4D /* ASIHTTPRequestConfig.h in Headers */,
				B2CBDA6B1348D520009DDE4D /* ASIHTTPRequestDelegate.h in Headers */,
				B2CBDA6C1348D520009DDE4D /* ASIInputStream.h in Headers */,
				B2CBDA6E1348D520009DDE4D /* ASINetworkQueue.h in Headers */,
				B2CBDA701348D520009DDE4D /* ASIProgressDelegate.h in Headers */,
				B2CBDAAB1348D520009DDE4D /* Reachability.h in Headers */,
				B24ED8C6138C790F00FACB48 /* SSTwitterXAuthViewController.h in Headers */,
				B24ED8CE138C79CF00FACB48 /* SSTwitterAuthViewControllerDelegate.h in Headers */,
				B24ED8DA138C7A9B00FACB48 /* SSTwitterAuthViewController.h in Headers */,
			);
			runOnlyForDeploymentPostprocessing = 0;
		};
/* End PBXHeadersBuildPhase section */

/* Begin PBXNativeTarget section */
		D2AAC07D0554694100DB518D /* SSOAuthKit */ = {
			isa = PBXNativeTarget;
			buildConfigurationList = 1DEB921E08733DC00010E9CD /* Build configuration list for PBXNativeTarget "SSOAuthKit" */;
			buildPhases = (
				D2AAC07A0554694100DB518D /* Headers */,
				D2AAC07B0554694100DB518D /* Sources */,
				D2AAC07C0554694100DB518D /* Frameworks */,
			);
			buildRules = (
			);
			dependencies = (
				B2E0365B121DC86900D02434 /* PBXTargetDependency */,
			);
			name = SSOAuthKit;
			productName = TWOAuthKit;
			productReference = D2AAC07E0554694100DB518D /* libSSOAuthKit.a */;
			productType = "com.apple.product-type.library.static";
		};
/* End PBXNativeTarget section */

/* Begin PBXProject section */
		0867D690FE84028FC02AAC07 /* Project object */ = {
			isa = PBXProject;
			attributes = {
				LastUpgradeCheck = 0420;
				ORGANIZATIONNAME = "Sam Soffes";
			};
			buildConfigurationList = 1DEB922208733DC00010E9CD /* Build configuration list for PBXProject "SSOAuthKit" */;
			compatibilityVersion = "Xcode 3.2";
			developmentRegion = English;
			hasScannedForEncodings = 1;
			knownRegions = (
				English,
				Japanese,
				French,
				German,
			);
			mainGroup = 0867D691FE84028FC02AAC07 /* TWOAuthKit */;
			productRefGroup = 034768DFFF38A50411DB9C8B /* Products */;
			projectDirPath = "";
			projectReferences = (
				{
					ProductGroup = B2E03637121DC83C00D02434 /* Products */;
					ProjectRef = B2E033BA121DC80C00D02434 /* SSToolkit.xcodeproj */;
				},
			);
			projectRoot = "";
			targets = (
				D2AAC07D0554694100DB518D /* SSOAuthKit */,
			);
		};
/* End PBXProject section */

/* Begin PBXReferenceProxy section */
		B21B53EC13B7E36B00AF8B2A /* SSToolkitTests.app */ = {
			isa = PBXReferenceProxy;
			fileType = wrapper.application;
			path = SSToolkitTests.app;
			remoteRef = B21B53EB13B7E36B00AF8B2A /* PBXContainerItemProxy */;
			sourceTree = BUILT_PRODUCTS_DIR;
		};
		B2E0363B121DC83C00D02434 /* libSSToolkit.a */ = {
			isa = PBXReferenceProxy;
			fileType = archive.ar;
			path = libSSToolkit.a;
			remoteRef = B2E0363A121DC83C00D02434 /* PBXContainerItemProxy */;
			sourceTree = BUILT_PRODUCTS_DIR;
		};
/* End PBXReferenceProxy section */

/* Begin PBXSourcesBuildPhase section */
		D2AAC07B0554694100DB518D /* Sources */ = {
			isa = PBXSourcesBuildPhase;
			buildActionMask = 2147483647;
			files = (
				B2E034CE121DC80C00D02434 /* NSDictionary+oaCompareKeys.m in Sources */,
				B2E034D0121DC80C00D02434 /* NSURL+OAuthString.m in Sources */,
				B2E034D2121DC80C00D02434 /* SSOAConsumer.m in Sources */,
				B2E034D4121DC80C00D02434 /* SSOAFormRequest.m in Sources */,
				B2E034D6121DC80C00D02434 /* SSOARequest.m in Sources */,
				B2E034D8121DC80C00D02434 /* SSOAToken.m in Sources */,
				B2E034DB121DC80C00D02434 /* SSOAuthKitConfiguration.m in Sources */,
				B2E034DF121DC80C00D02434 /* SSTwitterOAuthViewController.m in Sources */,
				B2E03540121DC80C00D02434 /* Base64Transcoder.c in Sources */,
				B2E03543121DC80C00D02434 /* OAHMAC_SHA1SignatureProvider.m in Sources */,
				B202D4661348D35A00C389A8 /* JSONKit.m in Sources */,
				B2CBDA5E1348D520009DDE4D /* ASIAuthenticationDialog.m in Sources */,
				B2CBDA611348D520009DDE4D /* ASIDataCompressor.m in Sources */,
				B2CBDA631348D520009DDE4D /* ASIDataDecompressor.m in Sources */,
				B2CBDA651348D520009DDE4D /* ASIDownloadCache.m in Sources */,
				B2CBDA671348D520009DDE4D /* ASIFormDataRequest.m in Sources */,
				B2CBDA691348D520009DDE4D /* ASIHTTPRequest.m in Sources */,
				B2CBDA6D1348D520009DDE4D /* ASIInputStream.m in Sources */,
				B2CBDA6F1348D520009DDE4D /* ASINetworkQueue.m in Sources */,
				B2CBDAAC1348D520009DDE4D /* Reachability.m in Sources */,
				B24ED8C7138C790F00FACB48 /* SSTwitterXAuthViewController.m in Sources */,
				B24ED8DB138C7A9B00FACB48 /* SSTwitterAuthViewController.m in Sources */,
			);
			runOnlyForDeploymentPostprocessing = 0;
		};
/* End PBXSourcesBuildPhase section */

/* Begin PBXTargetDependency section */
		B2E0365B121DC86900D02434 /* PBXTargetDependency */ = {
			isa = PBXTargetDependency;
			name = SSToolkit;
			targetProxy = B2E0365A121DC86900D02434 /* PBXContainerItemProxy */;
		};
/* End PBXTargetDependency section */

/* Begin XCBuildConfiguration section */
		1DEB921F08733DC00010E9CD /* Debug */ = {
			isa = XCBuildConfiguration;
			buildSettings = {
				ALWAYS_SEARCH_USER_PATHS = NO;
				ARCHS = "$(ARCHS_UNIVERSAL_IPHONE_OS)";
				COPY_PHASE_STRIP = NO;
				DSTROOT = /tmp/SSOAuthKit.dst;
				FRAMEWORK_SEARCH_PATHS = (
					"$(inherited)",
					"\"$(SRCROOT)/SSOAuthKit/Vendor/yajl-objc/Project/Frameworks\"",
				);
				GCC_DYNAMIC_NO_PIC = NO;
				GCC_MODEL_TUNING = G5;
				GCC_OPTIMIZATION_LEVEL = 0;
				GCC_PRECOMPILE_PREFIX_HEADER = YES;
				GCC_PREFIX_HEADER = "Other Sources/SSOAuthKit_Prefix.pch";
				HEADER_SEARCH_PATHS = (
					"\"$(SRCROOT)/SSOAuthKit/Vendor/yajl-objc\"/**",
					"\"$(SRCROOT)/SSOAuthKit/Vendor/SSToolkit\"",
				);
				INSTALL_PATH = /usr/local/lib;
				IPHONEOS_DEPLOYMENT_TARGET = 4.0;
				LIBRARY_SEARCH_PATHS = (
					"$(inherited)",
					"\"$(SRCROOT)/SSOAuthKit/Vendor/yajl-objc/Project-IPhone/Libraries/GHUnit\"",
				);
				PRODUCT_NAME = SSOAuthKit;
				SDKROOT = iphoneos;
			};
			name = Debug;
		};
		1DEB922008733DC00010E9CD /* Release */ = {
			isa = XCBuildConfiguration;
			buildSettings = {
				ALWAYS_SEARCH_USER_PATHS = NO;
				ARCHS = "$(ARCHS_UNIVERSAL_IPHONE_OS)";
				DSTROOT = /tmp/SSOAuthKit.dst;
				FRAMEWORK_SEARCH_PATHS = (
					"$(inherited)",
					"\"$(SRCROOT)/SSOAuthKit/Vendor/yajl-objc/Project/Frameworks\"",
				);
				GCC_MODEL_TUNING = G5;
				GCC_PRECOMPILE_PREFIX_HEADER = YES;
				GCC_PREFIX_HEADER = "Other Sources/SSOAuthKit_Prefix.pch";
				HEADER_SEARCH_PATHS = (
					"\"$(SRCROOT)/SSOAuthKit/Vendor/yajl-objc\"/**",
					"\"$(SRCROOT)/SSOAuthKit/Vendor/SSToolkit\"",
				);
				INSTALL_PATH = /usr/local/lib;
				IPHONEOS_DEPLOYMENT_TARGET = 4.0;
				LIBRARY_SEARCH_PATHS = (
					"$(inherited)",
					"\"$(SRCROOT)/SSOAuthKit/Vendor/yajl-objc/Project-IPhone/Libraries/GHUnit\"",
				);
				PRODUCT_NAME = SSOAuthKit;
				SDKROOT = iphoneos;
			};
			name = Release;
		};
		1DEB922308733DC00010E9CD /* Debug */ = {
			isa = XCBuildConfiguration;
			buildSettings = {
				ARCHS = "$(ARCHS_STANDARD_32_BIT)";
				GCC_C_LANGUAGE_STANDARD = c99;
				GCC_OPTIMIZATION_LEVEL = 0;
				GCC_WARN_ABOUT_RETURN_TYPE = YES;
				GCC_WARN_UNUSED_VARIABLE = YES;
				OTHER_LDFLAGS = "-ObjC";
				SDKROOT = iphoneos;
			};
			name = Debug;
		};
		1DEB922408733DC00010E9CD /* Release */ = {
			isa = XCBuildConfiguration;
			buildSettings = {
				ARCHS = "$(ARCHS_STANDARD_32_BIT)";
				GCC_C_LANGUAGE_STANDARD = c99;
				GCC_WARN_ABOUT_RETURN_TYPE = YES;
				GCC_WARN_UNUSED_VARIABLE = YES;
				OTHER_LDFLAGS = "-ObjC";
				SDKROOT = iphoneos;
			};
			name = Release;
		};
/* End XCBuildConfiguration section */

/* Begin XCConfigurationList section */
		1DEB921E08733DC00010E9CD /* Build configuration list for PBXNativeTarget "SSOAuthKit" */ = {
			isa = XCConfigurationList;
			buildConfigurations = (
				1DEB921F08733DC00010E9CD /* Debug */,
				1DEB922008733DC00010E9CD /* Release */,
			);
			defaultConfigurationIsVisible = 0;
			defaultConfigurationName = Release;
		};
		1DEB922208733DC00010E9CD /* Build configuration list for PBXProject "SSOAuthKit" */ = {
			isa = XCConfigurationList;
			buildConfigurations = (
				1DEB922308733DC00010E9CD /* Debug */,
				1DEB922408733DC00010E9CD /* Release */,
			);
			defaultConfigurationIsVisible = 0;
			defaultConfigurationName = Release;
		};
/* End XCConfigurationList section */
	};
	rootObject = 0867D690FE84028FC02AAC07 /* Project object */;
}
