// !$*UTF8*$!
{
	archiveVersion = 1;
	classes = {
	};
	objectVersion = 45;
	objects = {

/* Begin PBXBuildFile section */
		B21224A511F104750046BEA2 /* Base64Transcoder.c in Sources */ = {isa = PBXBuildFile; fileRef = B212249A11F104750046BEA2 /* Base64Transcoder.c */; };
		B21224A611F104750046BEA2 /* Base64Transcoder.h in Headers */ = {isa = PBXBuildFile; fileRef = B212249B11F104750046BEA2 /* Base64Transcoder.h */; };
		B21224AB11F104750046BEA2 /* OAHMAC_SHA1SignatureProvider.h in Headers */ = {isa = PBXBuildFile; fileRef = B21224A011F104750046BEA2 /* OAHMAC_SHA1SignatureProvider.h */; };
		B21224AC11F104750046BEA2 /* OAHMAC_SHA1SignatureProvider.m in Sources */ = {isa = PBXBuildFile; fileRef = B21224A111F104750046BEA2 /* OAHMAC_SHA1SignatureProvider.m */; };
		B21224AF11F104750046BEA2 /* OASignatureProviding.h in Headers */ = {isa = PBXBuildFile; fileRef = B21224A411F104750046BEA2 /* OASignatureProviding.h */; };
		B21224BB11F104A70046BEA2 /* NSURL+OAuthString.h in Headers */ = {isa = PBXBuildFile; fileRef = B21224B911F104A70046BEA2 /* NSURL+OAuthString.h */; };
		B21224BC11F104A70046BEA2 /* NSURL+OAuthString.m in Sources */ = {isa = PBXBuildFile; fileRef = B21224BA11F104A70046BEA2 /* NSURL+OAuthString.m */; };
		B21225D711F10EF10046BEA2 /* TWOAConsumer.h in Headers */ = {isa = PBXBuildFile; fileRef = B21225D511F10EF10046BEA2 /* TWOAConsumer.h */; };
		B21225D811F10EF10046BEA2 /* TWOAConsumer.m in Sources */ = {isa = PBXBuildFile; fileRef = B21225D611F10EF10046BEA2 /* TWOAConsumer.m */; };
		B212264811F112010046BEA2 /* NSDictionary+oaCompareKeys.h in Headers */ = {isa = PBXBuildFile; fileRef = B212264611F112010046BEA2 /* NSDictionary+oaCompareKeys.h */; };
		B212264911F112010046BEA2 /* NSDictionary+oaCompareKeys.m in Sources */ = {isa = PBXBuildFile; fileRef = B212264711F112010046BEA2 /* NSDictionary+oaCompareKeys.m */; };
		B24F743511F4B43A0058C32F /* libYAJLIPhoneDevice4_0.a in Frameworks */ = {isa = PBXBuildFile; fileRef = B24F743011F4B4340058C32F /* libYAJLIPhoneDevice4_0.a */; };
		B26A172610B354FF009AF307 /* TWTwitterOAuthInternalViewController.h in Headers */ = {isa = PBXBuildFile; fileRef = B26A172210B354FF009AF307 /* TWTwitterOAuthInternalViewController.h */; };
		B26A172710B354FF009AF307 /* TWTwitterOAuthInternalViewController.m in Sources */ = {isa = PBXBuildFile; fileRef = B26A172310B354FF009AF307 /* TWTwitterOAuthInternalViewController.m */; };
		B26A172810B354FF009AF307 /* TWTwitterOAuthViewController.h in Headers */ = {isa = PBXBuildFile; fileRef = B26A172410B354FF009AF307 /* TWTwitterOAuthViewController.h */; };
		B26A172910B354FF009AF307 /* TWTwitterOAuthViewController.m in Sources */ = {isa = PBXBuildFile; fileRef = B26A172510B354FF009AF307 /* TWTwitterOAuthViewController.m */; };
		B27E188911F0B95800165C54 /* ASIAuthenticationDialog.h in Headers */ = {isa = PBXBuildFile; fileRef = B27E180811F0B95800165C54 /* ASIAuthenticationDialog.h */; };
		B27E188A11F0B95800165C54 /* ASIAuthenticationDialog.m in Sources */ = {isa = PBXBuildFile; fileRef = B27E180911F0B95800165C54 /* ASIAuthenticationDialog.m */; };
		B27E188B11F0B95800165C54 /* ASICacheDelegate.h in Headers */ = {isa = PBXBuildFile; fileRef = B27E180A11F0B95800165C54 /* ASICacheDelegate.h */; };
		B27E188C11F0B95800165C54 /* ASIDownloadCache.h in Headers */ = {isa = PBXBuildFile; fileRef = B27E180B11F0B95800165C54 /* ASIDownloadCache.h */; };
		B27E188D11F0B95800165C54 /* ASIDownloadCache.m in Sources */ = {isa = PBXBuildFile; fileRef = B27E180C11F0B95800165C54 /* ASIDownloadCache.m */; };
		B27E188E11F0B95800165C54 /* ASIFormDataRequest.h in Headers */ = {isa = PBXBuildFile; fileRef = B27E180D11F0B95800165C54 /* ASIFormDataRequest.h */; };
		B27E188F11F0B95800165C54 /* ASIFormDataRequest.m in Sources */ = {isa = PBXBuildFile; fileRef = B27E180E11F0B95800165C54 /* ASIFormDataRequest.m */; };
		B27E189011F0B95800165C54 /* ASIHTTPRequest.h in Headers */ = {isa = PBXBuildFile; fileRef = B27E180F11F0B95800165C54 /* ASIHTTPRequest.h */; };
		B27E189111F0B95800165C54 /* ASIHTTPRequest.m in Sources */ = {isa = PBXBuildFile; fileRef = B27E181011F0B95800165C54 /* ASIHTTPRequest.m */; };
		B27E189211F0B95800165C54 /* ASIHTTPRequestConfig.h in Headers */ = {isa = PBXBuildFile; fileRef = B27E181111F0B95800165C54 /* ASIHTTPRequestConfig.h */; };
		B27E189311F0B95800165C54 /* ASIHTTPRequestDelegate.h in Headers */ = {isa = PBXBuildFile; fileRef = B27E181211F0B95800165C54 /* ASIHTTPRequestDelegate.h */; };
		B27E189411F0B95800165C54 /* ASIInputStream.h in Headers */ = {isa = PBXBuildFile; fileRef = B27E181311F0B95800165C54 /* ASIInputStream.h */; };
		B27E189511F0B95800165C54 /* ASIInputStream.m in Sources */ = {isa = PBXBuildFile; fileRef = B27E181411F0B95800165C54 /* ASIInputStream.m */; };
		B27E189611F0B95800165C54 /* ASINetworkQueue.h in Headers */ = {isa = PBXBuildFile; fileRef = B27E181511F0B95800165C54 /* ASINetworkQueue.h */; };
		B27E189711F0B95800165C54 /* ASINetworkQueue.m in Sources */ = {isa = PBXBuildFile; fileRef = B27E181611F0B95800165C54 /* ASINetworkQueue.m */; };
		B27E189811F0B95800165C54 /* ASIProgressDelegate.h in Headers */ = {isa = PBXBuildFile; fileRef = B27E181711F0B95800165C54 /* ASIProgressDelegate.h */; };
		B27E18C911F0B95800165C54 /* Reachability.h in Headers */ = {isa = PBXBuildFile; fileRef = B27E184F11F0B95800165C54 /* Reachability.h */; };
		B27E18CA11F0B95800165C54 /* Reachability.m in Sources */ = {isa = PBXBuildFile; fileRef = B27E185011F0B95800165C54 /* Reachability.m */; };
		B27E192211F0BB0C00165C54 /* TWOAFormRequest.h in Headers */ = {isa = PBXBuildFile; fileRef = B27E191E11F0BB0C00165C54 /* TWOAFormRequest.h */; };
		B27E192311F0BB0C00165C54 /* TWOAFormRequest.m in Sources */ = {isa = PBXBuildFile; fileRef = B27E191F11F0BB0C00165C54 /* TWOAFormRequest.m */; };
		B27E192411F0BB0C00165C54 /* TWOARequest.h in Headers */ = {isa = PBXBuildFile; fileRef = B27E192011F0BB0C00165C54 /* TWOARequest.h */; };
		B27E192511F0BB0C00165C54 /* TWOARequest.m in Sources */ = {isa = PBXBuildFile; fileRef = B27E192111F0BB0C00165C54 /* TWOARequest.m */; };
		B27E19FD11F0BC9700165C54 /* TWOAuthKitConfiguration.h in Headers */ = {isa = PBXBuildFile; fileRef = B27E19FB11F0BC9700165C54 /* TWOAuthKitConfiguration.h */; };
		B27E19FE11F0BC9700165C54 /* TWOAuthKitConfiguration.m in Sources */ = {isa = PBXBuildFile; fileRef = B27E19FC11F0BC9700165C54 /* TWOAuthKitConfiguration.m */; };
		B27E1A7111F0C1E700165C54 /* libTWToolkit.a in Frameworks */ = {isa = PBXBuildFile; fileRef = B27E1A4111F0C1B500165C54 /* libTWToolkit.a */; };
		B27E1AF411F0D48E00165C54 /* TWOAToken.h in Headers */ = {isa = PBXBuildFile; fileRef = B27E1AF011F0D48E00165C54 /* TWOAToken.h */; };
		B27E1AF511F0D48E00165C54 /* TWOAToken.m in Sources */ = {isa = PBXBuildFile; fileRef = B27E1AF111F0D48E00165C54 /* TWOAToken.m */; };
		B27E1B2611F0D5E000165C54 /* CFNetwork.framework in Frameworks */ = {isa = PBXBuildFile; fileRef = B27E1B2511F0D5E000165C54 /* CFNetwork.framework */; };
		B27E1B2811F0D5E000165C54 /* CoreGraphics.framework in Frameworks */ = {isa = PBXBuildFile; fileRef = B27E1B2711F0D5E000165C54 /* CoreGraphics.framework */; };
		B27E1B2A11F0D5E000165C54 /* Foundation.framework in Frameworks */ = {isa = PBXBuildFile; fileRef = B27E1B2911F0D5E000165C54 /* Foundation.framework */; };
		B27E1B2C11F0D5E000165C54 /* MobileCoreServices.framework in Frameworks */ = {isa = PBXBuildFile; fileRef = B27E1B2B11F0D5E000165C54 /* MobileCoreServices.framework */; };
		B27E1B2E11F0D5E000165C54 /* QuartzCore.framework in Frameworks */ = {isa = PBXBuildFile; fileRef = B27E1B2D11F0D5E000165C54 /* QuartzCore.framework */; };
		B27E1B3011F0D5E000165C54 /* SystemConfiguration.framework in Frameworks */ = {isa = PBXBuildFile; fileRef = B27E1B2F11F0D5E000165C54 /* SystemConfiguration.framework */; };
		B27E1B3211F0D5E000165C54 /* UIKit.framework in Frameworks */ = {isa = PBXBuildFile; fileRef = B27E1B3111F0D5E000165C54 /* UIKit.framework */; };
		B27E1B3411F0D5E000165C54 /* libz.dylib in Frameworks */ = {isa = PBXBuildFile; fileRef = B27E1B3311F0D5E000165C54 /* libz.dylib */; };
		B29851E611F0D865008B1A4A /* Security.framework in Frameworks */ = {isa = PBXBuildFile; fileRef = B29851E511F0D865008B1A4A /* Security.framework */; };
		B2BA993810B352D3001EEA88 /* TWOAuthKit_Prefix.pch in Headers */ = {isa = PBXBuildFile; fileRef = B2BA993710B352D3001EEA88 /* TWOAuthKit_Prefix.pch */; };
		B2BA994210B3530B001EEA88 /* TWOAuthKit.h in Headers */ = {isa = PBXBuildFile; fileRef = B2BA994010B3530B001EEA88 /* TWOAuthKit.h */; };
/* End PBXBuildFile section */

/* Begin PBXContainerItemProxy section */
		B24F742911F4B4340058C32F /* PBXContainerItemProxy */ = {
			isa = PBXContainerItemProxy;
			containerPortal = B24F741A11F4B4340058C32F /* YAJLIPhone.xcodeproj */;
			proxyType = 2;
			remoteGlobalIDString = D2AAC07E0554694100DB518D;
			remoteInfo = "YAJLIPhone (Device-3.0)";
		};
		B24F742B11F4B4340058C32F /* PBXContainerItemProxy */ = {
			isa = PBXContainerItemProxy;
			containerPortal = B24F741A11F4B4340058C32F /* YAJLIPhone.xcodeproj */;
			proxyType = 2;
			remoteGlobalIDString = 00C405EB0FE779BF003CE908;
			remoteInfo = "YAJLIPhone (Simulator-3.0)";
		};
		B24F742D11F4B4340058C32F /* PBXContainerItemProxy */ = {
			isa = PBXContainerItemProxy;
			containerPortal = B24F741A11F4B4340058C32F /* YAJLIPhone.xcodeproj */;
			proxyType = 2;
			remoteGlobalIDString = 00C4054D0FE77760003CE908;
			remoteInfo = Tests;
		};
		B24F742F11F4B4340058C32F /* PBXContainerItemProxy */ = {
			isa = PBXContainerItemProxy;
			containerPortal = B24F741A11F4B4340058C32F /* YAJLIPhone.xcodeproj */;
			proxyType = 2;
			remoteGlobalIDString = 0065977C11BEEF4000E89ABD;
			remoteInfo = "YAJLIPhone (Device-4.0)";
		};
		B24F743111F4B4340058C32F /* PBXContainerItemProxy */ = {
			isa = PBXContainerItemProxy;
			containerPortal = B24F741A11F4B4340058C32F /* YAJLIPhone.xcodeproj */;
			proxyType = 2;
			remoteGlobalIDString = 006597AC11BEEF4800E89ABD;
			remoteInfo = "YAJLIPhone (Simulator-4.0)";
		};
		B24F743311F4B4340058C32F /* PBXContainerItemProxy */ = {
			isa = PBXContainerItemProxy;
			containerPortal = B24F741A11F4B4340058C32F /* YAJLIPhone.xcodeproj */;
			proxyType = 2;
			remoteGlobalIDString = 006597EA11BEEF5400E89ABD;
			remoteInfo = "Tests (4.0)";
		};
		B24F743611F4B43F0058C32F /* PBXContainerItemProxy */ = {
			isa = PBXContainerItemProxy;
			containerPortal = B24F741A11F4B4340058C32F /* YAJLIPhone.xcodeproj */;
			proxyType = 1;
			remoteGlobalIDString = 0065975811BEEF4000E89ABD;
			remoteInfo = "YAJLIPhone (Device-4.0)";
		};
		B27E1A4011F0C1B500165C54 /* PBXContainerItemProxy */ = {
			isa = PBXContainerItemProxy;
			containerPortal = B27E1A3911F0C1B500165C54 /* TWToolkit.xcodeproj */;
			proxyType = 2;
			remoteGlobalIDString = D2AAC07E0554694100DB518D;
			remoteInfo = TWToolkit;
		};
		B27E1A7411F0C1EF00165C54 /* PBXContainerItemProxy */ = {
			isa = PBXContainerItemProxy;
			containerPortal = B27E1A3911F0C1B500165C54 /* TWToolkit.xcodeproj */;
			proxyType = 1;
			remoteGlobalIDString = D2AAC07D0554694100DB518D;
			remoteInfo = TWToolkit;
		};
/* End PBXContainerItemProxy section */

/* Begin PBXFileReference section */
		B212249A11F104750046BEA2 /* Base64Transcoder.c */ = {isa = PBXFileReference; fileEncoding = 4; lastKnownFileType = sourcecode.c.c; path = Base64Transcoder.c; sourceTree = "<group>"; };
		B212249B11F104750046BEA2 /* Base64Transcoder.h */ = {isa = PBXFileReference; fileEncoding = 4; lastKnownFileType = sourcecode.c.h; path = Base64Transcoder.h; sourceTree = "<group>"; };
		B21224A011F104750046BEA2 /* OAHMAC_SHA1SignatureProvider.h */ = {isa = PBXFileReference; fileEncoding = 4; lastKnownFileType = sourcecode.c.h; path = OAHMAC_SHA1SignatureProvider.h; sourceTree = "<group>"; };
		B21224A111F104750046BEA2 /* OAHMAC_SHA1SignatureProvider.m */ = {isa = PBXFileReference; fileEncoding = 4; lastKnownFileType = sourcecode.c.objc; path = OAHMAC_SHA1SignatureProvider.m; sourceTree = "<group>"; };
		B21224A411F104750046BEA2 /* OASignatureProviding.h */ = {isa = PBXFileReference; fileEncoding = 4; lastKnownFileType = sourcecode.c.h; path = OASignatureProviding.h; sourceTree = "<group>"; };
		B21224B911F104A70046BEA2 /* NSURL+OAuthString.h */ = {isa = PBXFileReference; fileEncoding = 4; lastKnownFileType = sourcecode.c.h; path = "NSURL+OAuthString.h"; sourceTree = "<group>"; };
		B21224BA11F104A70046BEA2 /* NSURL+OAuthString.m */ = {isa = PBXFileReference; fileEncoding = 4; lastKnownFileType = sourcecode.c.objc; path = "NSURL+OAuthString.m"; sourceTree = "<group>"; };
		B21225D511F10EF10046BEA2 /* TWOAConsumer.h */ = {isa = PBXFileReference; fileEncoding = 4; lastKnownFileType = sourcecode.c.h; path = TWOAConsumer.h; sourceTree = "<group>"; };
		B21225D611F10EF10046BEA2 /* TWOAConsumer.m */ = {isa = PBXFileReference; fileEncoding = 4; lastKnownFileType = sourcecode.c.objc; path = TWOAConsumer.m; sourceTree = "<group>"; };
		B212264611F112010046BEA2 /* NSDictionary+oaCompareKeys.h */ = {isa = PBXFileReference; fileEncoding = 4; lastKnownFileType = sourcecode.c.h; path = "NSDictionary+oaCompareKeys.h"; sourceTree = "<group>"; };
		B212264711F112010046BEA2 /* NSDictionary+oaCompareKeys.m */ = {isa = PBXFileReference; fileEncoding = 4; lastKnownFileType = sourcecode.c.objc; path = "NSDictionary+oaCompareKeys.m"; sourceTree = "<group>"; };
		B24F741A11F4B4340058C32F /* YAJLIPhone.xcodeproj */ = {isa = PBXFileReference; lastKnownFileType = "wrapper.pb-project"; name = YAJLIPhone.xcodeproj; path = "yajl-objc/Project-IPhone/YAJLIPhone.xcodeproj"; sourceTree = "<group>"; };
		B26A172210B354FF009AF307 /* TWTwitterOAuthInternalViewController.h */ = {isa = PBXFileReference; fileEncoding = 4; lastKnownFileType = sourcecode.c.h; path = TWTwitterOAuthInternalViewController.h; sourceTree = "<group>"; };
		B26A172310B354FF009AF307 /* TWTwitterOAuthInternalViewController.m */ = {isa = PBXFileReference; fileEncoding = 4; lastKnownFileType = sourcecode.c.objc; path = TWTwitterOAuthInternalViewController.m; sourceTree = "<group>"; };
		B26A172410B354FF009AF307 /* TWTwitterOAuthViewController.h */ = {isa = PBXFileReference; fileEncoding = 4; lastKnownFileType = sourcecode.c.h; path = TWTwitterOAuthViewController.h; sourceTree = "<group>"; };
		B26A172510B354FF009AF307 /* TWTwitterOAuthViewController.m */ = {isa = PBXFileReference; fileEncoding = 4; lastKnownFileType = sourcecode.c.objc; path = TWTwitterOAuthViewController.m; sourceTree = "<group>"; };
		B27E180811F0B95800165C54 /* ASIAuthenticationDialog.h */ = {isa = PBXFileReference; fileEncoding = 4; lastKnownFileType = sourcecode.c.h; path = ASIAuthenticationDialog.h; sourceTree = "<group>"; };
		B27E180911F0B95800165C54 /* ASIAuthenticationDialog.m */ = {isa = PBXFileReference; fileEncoding = 4; lastKnownFileType = sourcecode.c.objc; path = ASIAuthenticationDialog.m; sourceTree = "<group>"; };
		B27E180A11F0B95800165C54 /* ASICacheDelegate.h */ = {isa = PBXFileReference; fileEncoding = 4; lastKnownFileType = sourcecode.c.h; path = ASICacheDelegate.h; sourceTree = "<group>"; };
		B27E180B11F0B95800165C54 /* ASIDownloadCache.h */ = {isa = PBXFileReference; fileEncoding = 4; lastKnownFileType = sourcecode.c.h; path = ASIDownloadCache.h; sourceTree = "<group>"; };
		B27E180C11F0B95800165C54 /* ASIDownloadCache.m */ = {isa = PBXFileReference; fileEncoding = 4; lastKnownFileType = sourcecode.c.objc; path = ASIDownloadCache.m; sourceTree = "<group>"; };
		B27E180D11F0B95800165C54 /* ASIFormDataRequest.h */ = {isa = PBXFileReference; fileEncoding = 4; lastKnownFileType = sourcecode.c.h; path = ASIFormDataRequest.h; sourceTree = "<group>"; };
		B27E180E11F0B95800165C54 /* ASIFormDataRequest.m */ = {isa = PBXFileReference; fileEncoding = 4; lastKnownFileType = sourcecode.c.objc; path = ASIFormDataRequest.m; sourceTree = "<group>"; };
		B27E180F11F0B95800165C54 /* ASIHTTPRequest.h */ = {isa = PBXFileReference; fileEncoding = 4; lastKnownFileType = sourcecode.c.h; path = ASIHTTPRequest.h; sourceTree = "<group>"; };
		B27E181011F0B95800165C54 /* ASIHTTPRequest.m */ = {isa = PBXFileReference; fileEncoding = 4; lastKnownFileType = sourcecode.c.objc; path = ASIHTTPRequest.m; sourceTree = "<group>"; };
		B27E181111F0B95800165C54 /* ASIHTTPRequestConfig.h */ = {isa = PBXFileReference; fileEncoding = 4; lastKnownFileType = sourcecode.c.h; path = ASIHTTPRequestConfig.h; sourceTree = "<group>"; };
		B27E181211F0B95800165C54 /* ASIHTTPRequestDelegate.h */ = {isa = PBXFileReference; fileEncoding = 4; lastKnownFileType = sourcecode.c.h; path = ASIHTTPRequestDelegate.h; sourceTree = "<group>"; };
		B27E181311F0B95800165C54 /* ASIInputStream.h */ = {isa = PBXFileReference; fileEncoding = 4; lastKnownFileType = sourcecode.c.h; path = ASIInputStream.h; sourceTree = "<group>"; };
		B27E181411F0B95800165C54 /* ASIInputStream.m */ = {isa = PBXFileReference; fileEncoding = 4; lastKnownFileType = sourcecode.c.objc; path = ASIInputStream.m; sourceTree = "<group>"; };
		B27E181511F0B95800165C54 /* ASINetworkQueue.h */ = {isa = PBXFileReference; fileEncoding = 4; lastKnownFileType = sourcecode.c.h; path = ASINetworkQueue.h; sourceTree = "<group>"; };
		B27E181611F0B95800165C54 /* ASINetworkQueue.m */ = {isa = PBXFileReference; fileEncoding = 4; lastKnownFileType = sourcecode.c.objc; path = ASINetworkQueue.m; sourceTree = "<group>"; };
		B27E181711F0B95800165C54 /* ASIProgressDelegate.h */ = {isa = PBXFileReference; fileEncoding = 4; lastKnownFileType = sourcecode.c.h; path = ASIProgressDelegate.h; sourceTree = "<group>"; };
		B27E184F11F0B95800165C54 /* Reachability.h */ = {isa = PBXFileReference; fileEncoding = 4; lastKnownFileType = sourcecode.c.h; path = Reachability.h; sourceTree = "<group>"; };
		B27E185011F0B95800165C54 /* Reachability.m */ = {isa = PBXFileReference; fileEncoding = 4; lastKnownFileType = sourcecode.c.objc; path = Reachability.m; sourceTree = "<group>"; };
		B27E191E11F0BB0C00165C54 /* TWOAFormRequest.h */ = {isa = PBXFileReference; fileEncoding = 4; lastKnownFileType = sourcecode.c.h; path = TWOAFormRequest.h; sourceTree = "<group>"; };
		B27E191F11F0BB0C00165C54 /* TWOAFormRequest.m */ = {isa = PBXFileReference; fileEncoding = 4; lastKnownFileType = sourcecode.c.objc; path = TWOAFormRequest.m; sourceTree = "<group>"; };
		B27E192011F0BB0C00165C54 /* TWOARequest.h */ = {isa = PBXFileReference; fileEncoding = 4; lastKnownFileType = sourcecode.c.h; path = TWOARequest.h; sourceTree = "<group>"; };
		B27E192111F0BB0C00165C54 /* TWOARequest.m */ = {isa = PBXFileReference; fileEncoding = 4; lastKnownFileType = sourcecode.c.objc; path = TWOARequest.m; sourceTree = "<group>"; };
		B27E19FB11F0BC9700165C54 /* TWOAuthKitConfiguration.h */ = {isa = PBXFileReference; fileEncoding = 4; lastKnownFileType = sourcecode.c.h; path = TWOAuthKitConfiguration.h; sourceTree = "<group>"; };
		B27E19FC11F0BC9700165C54 /* TWOAuthKitConfiguration.m */ = {isa = PBXFileReference; fileEncoding = 4; lastKnownFileType = sourcecode.c.objc; path = TWOAuthKitConfiguration.m; sourceTree = "<group>"; };
		B27E1A3911F0C1B500165C54 /* TWToolkit.xcodeproj */ = {isa = PBXFileReference; lastKnownFileType = "wrapper.pb-project"; name = TWToolkit.xcodeproj; path = TWToolkit/TWToolkit.xcodeproj; sourceTree = "<group>"; };
		B27E1AF011F0D48E00165C54 /* TWOAToken.h */ = {isa = PBXFileReference; fileEncoding = 4; lastKnownFileType = sourcecode.c.h; path = TWOAToken.h; sourceTree = "<group>"; };
		B27E1AF111F0D48E00165C54 /* TWOAToken.m */ = {isa = PBXFileReference; fileEncoding = 4; lastKnownFileType = sourcecode.c.objc; path = TWOAToken.m; sourceTree = "<group>"; };
		B27E1B2511F0D5E000165C54 /* CFNetwork.framework */ = {isa = PBXFileReference; lastKnownFileType = wrapper.framework; name = CFNetwork.framework; path = System/Library/Frameworks/CFNetwork.framework; sourceTree = SDKROOT; };
		B27E1B2711F0D5E000165C54 /* CoreGraphics.framework */ = {isa = PBXFileReference; lastKnownFileType = wrapper.framework; name = CoreGraphics.framework; path = System/Library/Frameworks/CoreGraphics.framework; sourceTree = SDKROOT; };
		B27E1B2911F0D5E000165C54 /* Foundation.framework */ = {isa = PBXFileReference; lastKnownFileType = wrapper.framework; name = Foundation.framework; path = System/Library/Frameworks/Foundation.framework; sourceTree = SDKROOT; };
		B27E1B2B11F0D5E000165C54 /* MobileCoreServices.framework */ = {isa = PBXFileReference; lastKnownFileType = wrapper.framework; name = MobileCoreServices.framework; path = System/Library/Frameworks/MobileCoreServices.framework; sourceTree = SDKROOT; };
		B27E1B2D11F0D5E000165C54 /* QuartzCore.framework */ = {isa = PBXFileReference; lastKnownFileType = wrapper.framework; name = QuartzCore.framework; path = System/Library/Frameworks/QuartzCore.framework; sourceTree = SDKROOT; };
		B27E1B2F11F0D5E000165C54 /* SystemConfiguration.framework */ = {isa = PBXFileReference; lastKnownFileType = wrapper.framework; name = SystemConfiguration.framework; path = System/Library/Frameworks/SystemConfiguration.framework; sourceTree = SDKROOT; };
		B27E1B3111F0D5E000165C54 /* UIKit.framework */ = {isa = PBXFileReference; lastKnownFileType = wrapper.framework; name = UIKit.framework; path = System/Library/Frameworks/UIKit.framework; sourceTree = SDKROOT; };
		B27E1B3311F0D5E000165C54 /* libz.dylib */ = {isa = PBXFileReference; lastKnownFileType = "compiled.mach-o.dylib"; name = libz.dylib; path = usr/lib/libz.dylib; sourceTree = SDKROOT; };
		B29851E511F0D865008B1A4A /* Security.framework */ = {isa = PBXFileReference; lastKnownFileType = wrapper.framework; name = Security.framework; path = System/Library/Frameworks/Security.framework; sourceTree = SDKROOT; };
		B298528011F0DCB4008B1A4A /* TWOAuthKit.bundle */ = {isa = PBXFileReference; lastKnownFileType = "wrapper.plug-in"; path = TWOAuthKit.bundle; sourceTree = "<group>"; };
		B2BA993710B352D3001EEA88 /* TWOAuthKit_Prefix.pch */ = {isa = PBXFileReference; fileEncoding = 4; lastKnownFileType = sourcecode.c.h; path = TWOAuthKit_Prefix.pch; sourceTree = "<group>"; };
		B2BA994010B3530B001EEA88 /* TWOAuthKit.h */ = {isa = PBXFileReference; fileEncoding = 4; lastKnownFileType = sourcecode.c.h; path = TWOAuthKit.h; sourceTree = "<group>"; };
		D2AAC07E0554694100DB518D /* libTWOAuthKit.a */ = {isa = PBXFileReference; explicitFileType = archive.ar; includeInIndex = 0; path = libTWOAuthKit.a; sourceTree = BUILT_PRODUCTS_DIR; };
/* End PBXFileReference section */

/* Begin PBXFrameworksBuildPhase section */
		D2AAC07C0554694100DB518D /* Frameworks */ = {
			isa = PBXFrameworksBuildPhase;
			buildActionMask = 2147483647;
			files = (
				B27E1A7111F0C1E700165C54 /* libTWToolkit.a in Frameworks */,
				B27E1B2611F0D5E000165C54 /* CFNetwork.framework in Frameworks */,
				B27E1B2811F0D5E000165C54 /* CoreGraphics.framework in Frameworks */,
				B27E1B2A11F0D5E000165C54 /* Foundation.framework in Frameworks */,
				B27E1B2C11F0D5E000165C54 /* MobileCoreServices.framework in Frameworks */,
				B27E1B2E11F0D5E000165C54 /* QuartzCore.framework in Frameworks */,
				B27E1B3011F0D5E000165C54 /* SystemConfiguration.framework in Frameworks */,
				B27E1B3211F0D5E000165C54 /* UIKit.framework in Frameworks */,
				B27E1B3411F0D5E000165C54 /* libz.dylib in Frameworks */,
				B29851E611F0D865008B1A4A /* Security.framework in Frameworks */,
				B24F743511F4B43A0058C32F /* libYAJLIPhoneDevice4_0.a in Frameworks */,
			);
			runOnlyForDeploymentPostprocessing = 0;
		};
/* End PBXFrameworksBuildPhase section */

/* Begin PBXGroup section */
		034768DFFF38A50411DB9C8B /* Products */ = {
			isa = PBXGroup;
			children = (
				D2AAC07E0554694100DB518D /* libTWOAuthKit.a */,
			);
			name = Products;
			sourceTree = "<group>";
		};
		0867D691FE84028FC02AAC07 /* TWOAuthKit */ = {
			isa = PBXGroup;
			children = (
				B2BA993F10B352F8001EEA88 /* TWOAuthKit */,
				B298527F11F0DCB4008B1A4A /* Resources */,
				B2BA993610B352D3001EEA88 /* Other Sources */,
				08FB77AEFE84172EC02AAC07 /* Classes */,
				0867D69AFE84028FC02AAC07 /* Frameworks */,
				034768DFFF38A50411DB9C8B /* Products */,
			);
			name = TWOAuthKit;
			sourceTree = "<group>";
		};
		0867D69AFE84028FC02AAC07 /* Frameworks */ = {
			isa = PBXGroup;
			children = (
				B27E1B2511F0D5E000165C54 /* CFNetwork.framework */,
				B27E1B2711F0D5E000165C54 /* CoreGraphics.framework */,
				B27E1B2911F0D5E000165C54 /* Foundation.framework */,
				B27E1B2B11F0D5E000165C54 /* MobileCoreServices.framework */,
				B27E1B2D11F0D5E000165C54 /* QuartzCore.framework */,
				B27E1B2F11F0D5E000165C54 /* SystemConfiguration.framework */,
				B27E1B3111F0D5E000165C54 /* UIKit.framework */,
				B27E1B3311F0D5E000165C54 /* libz.dylib */,
				B29851E511F0D865008B1A4A /* Security.framework */,
			);
			name = Frameworks;
			sourceTree = "<group>";
		};
		08FB77AEFE84172EC02AAC07 /* Classes */ = {
			isa = PBXGroup;
			children = (
			);
			name = Classes;
			sourceTree = "<group>";
		};
		B212249911F104750046BEA2 /* OAuthConsumer */ = {
			isa = PBXGroup;
			children = (
				B212249B11F104750046BEA2 /* Base64Transcoder.h */,
				B212249A11F104750046BEA2 /* Base64Transcoder.c */,
				B21224A411F104750046BEA2 /* OASignatureProviding.h */,
				B21224A011F104750046BEA2 /* OAHMAC_SHA1SignatureProvider.h */,
				B21224A111F104750046BEA2 /* OAHMAC_SHA1SignatureProvider.m */,
			);
			path = OAuthConsumer;
			sourceTree = "<group>";
		};
		B24F741B11F4B4340058C32F /* Products */ = {
			isa = PBXGroup;
			children = (
				B24F742A11F4B4340058C32F /* libYAJLIPhoneDevice.a */,
				B24F742C11F4B4340058C32F /* libYAJLIPhoneSimulator.a */,
				B24F742E11F4B4340058C32F /* Tests.app */,
				B24F743011F4B4340058C32F /* libYAJLIPhoneDevice4_0.a */,
				B24F743211F4B4340058C32F /* libYAJLIPhoneSimulator4_0.a */,
				B24F743411F4B4340058C32F /* Tests.app */,
			);
			name = Products;
			sourceTree = "<group>";
		};
		B26A171F10B354F5009AF307 /* View Controllers */ = {
			isa = PBXGroup;
			children = (
				B26A172410B354FF009AF307 /* TWTwitterOAuthViewController.h */,
				B26A172510B354FF009AF307 /* TWTwitterOAuthViewController.m */,
				B26A172210B354FF009AF307 /* TWTwitterOAuthInternalViewController.h */,
				B26A172310B354FF009AF307 /* TWTwitterOAuthInternalViewController.m */,
			);
			name = "View Controllers";
			sourceTree = "<group>";
		};
		B27E17DD11F0B95800165C54 /* Vendor */ = {
			isa = PBXGroup;
			children = (
				B212249911F104750046BEA2 /* OAuthConsumer */,
				B27E1A3911F0C1B500165C54 /* TWToolkit.xcodeproj */,
				B24F741A11F4B4340058C32F /* YAJLIPhone.xcodeproj */,
				B27E17DE11F0B95800165C54 /* ASIHTTPRequest */,
			);
			path = Vendor;
			sourceTree = "<group>";
		};
		B27E17DE11F0B95800165C54 /* ASIHTTPRequest */ = {
			isa = PBXGroup;
			children = (
				B27E180711F0B95800165C54 /* Classes */,
				B27E184C11F0B95800165C54 /* External */,
			);
			path = ASIHTTPRequest;
			sourceTree = "<group>";
		};
		B27E180711F0B95800165C54 /* Classes */ = {
			isa = PBXGroup;
			children = (
				B27E180811F0B95800165C54 /* ASIAuthenticationDialog.h */,
				B27E180911F0B95800165C54 /* ASIAuthenticationDialog.m */,
				B27E180A11F0B95800165C54 /* ASICacheDelegate.h */,
				B27E180B11F0B95800165C54 /* ASIDownloadCache.h */,
				B27E180C11F0B95800165C54 /* ASIDownloadCache.m */,
				B27E180D11F0B95800165C54 /* ASIFormDataRequest.h */,
				B27E180E11F0B95800165C54 /* ASIFormDataRequest.m */,
				B27E180F11F0B95800165C54 /* ASIHTTPRequest.h */,
				B27E181011F0B95800165C54 /* ASIHTTPRequest.m */,
				B27E181111F0B95800165C54 /* ASIHTTPRequestConfig.h */,
				B27E181211F0B95800165C54 /* ASIHTTPRequestDelegate.h */,
				B27E181311F0B95800165C54 /* ASIInputStream.h */,
				B27E181411F0B95800165C54 /* ASIInputStream.m */,
				B27E181511F0B95800165C54 /* ASINetworkQueue.h */,
				B27E181611F0B95800165C54 /* ASINetworkQueue.m */,
				B27E181711F0B95800165C54 /* ASIProgressDelegate.h */,
			);
			path = Classes;
			sourceTree = "<group>";
		};
		B27E184C11F0B95800165C54 /* External */ = {
			isa = PBXGroup;
			children = (
				B27E184E11F0B95800165C54 /* Reachability */,
			);
			path = External;
			sourceTree = "<group>";
		};
		B27E184E11F0B95800165C54 /* Reachability */ = {
			isa = PBXGroup;
			children = (
				B27E184F11F0B95800165C54 /* Reachability.h */,
				B27E185011F0B95800165C54 /* Reachability.m */,
			);
			path = Reachability;
			sourceTree = "<group>";
		};
		B27E1A3A11F0C1B500165C54 /* Products */ = {
			isa = PBXGroup;
			children = (
				B27E1A4111F0C1B500165C54 /* libTWToolkit.a */,
			);
			name = Products;
			sourceTree = "<group>";
		};
		B27E1AED11F0D48500165C54 /* OAuth */ = {
			isa = PBXGroup;
			children = (
				B27E1AF011F0D48E00165C54 /* TWOAToken.h */,
				B27E1AF111F0D48E00165C54 /* TWOAToken.m */,
				B21225D511F10EF10046BEA2 /* TWOAConsumer.h */,
				B21225D611F10EF10046BEA2 /* TWOAConsumer.m */,
				B27E192011F0BB0C00165C54 /* TWOARequest.h */,
				B27E192111F0BB0C00165C54 /* TWOARequest.m */,
				B27E191E11F0BB0C00165C54 /* TWOAFormRequest.h */,
				B27E191F11F0BB0C00165C54 /* TWOAFormRequest.m */,
				B21224B911F104A70046BEA2 /* NSURL+OAuthString.h */,
				B21224BA11F104A70046BEA2 /* NSURL+OAuthString.m */,
				B212264611F112010046BEA2 /* NSDictionary+oaCompareKeys.h */,
				B212264711F112010046BEA2 /* NSDictionary+oaCompareKeys.m */,
			);
			name = OAuth;
			sourceTree = "<group>";
		};
		B298527F11F0DCB4008B1A4A /* Resources */ = {
			isa = PBXGroup;
			children = (
				B298528011F0DCB4008B1A4A /* TWOAuthKit.bundle */,
			);
			path = Resources;
			sourceTree = "<group>";
		};
		B2BA993610B352D3001EEA88 /* Other Sources */ = {
			isa = PBXGroup;
			children = (
				B2BA993710B352D3001EEA88 /* TWOAuthKit_Prefix.pch */,
			);
			path = "Other Sources";
			sourceTree = "<group>";
		};
		B2BA993F10B352F8001EEA88 /* TWOAuthKit */ = {
			isa = PBXGroup;
			children = (
				B2BA994010B3530B001EEA88 /* TWOAuthKit.h */,
				B27E19FB11F0BC9700165C54 /* TWOAuthKitConfiguration.h */,
				B27E19FC11F0BC9700165C54 /* TWOAuthKitConfiguration.m */,
				B27E1AED11F0D48500165C54 /* OAuth */,
				B26A171F10B354F5009AF307 /* View Controllers */,
				B27E17DD11F0B95800165C54 /* Vendor */,
			);
			path = TWOAuthKit;
			sourceTree = "<group>";
		};
/* End PBXGroup section */

/* Begin PBXHeadersBuildPhase section */
		D2AAC07A0554694100DB518D /* Headers */ = {
			isa = PBXHeadersBuildPhase;
			buildActionMask = 2147483647;
			files = (
				B2BA993810B352D3001EEA88 /* TWOAuthKit_Prefix.pch in Headers */,
				B2BA994210B3530B001EEA88 /* TWOAuthKit.h in Headers */,
				B26A172610B354FF009AF307 /* TWTwitterOAuthInternalViewController.h in Headers */,
				B26A172810B354FF009AF307 /* TWTwitterOAuthViewController.h in Headers */,
				B27E188911F0B95800165C54 /* ASIAuthenticationDialog.h in Headers */,
				B27E188B11F0B95800165C54 /* ASICacheDelegate.h in Headers */,
				B27E188C11F0B95800165C54 /* ASIDownloadCache.h in Headers */,
				B27E188E11F0B95800165C54 /* ASIFormDataRequest.h in Headers */,
				B27E189011F0B95800165C54 /* ASIHTTPRequest.h in Headers */,
				B27E189211F0B95800165C54 /* ASIHTTPRequestConfig.h in Headers */,
				B27E189311F0B95800165C54 /* ASIHTTPRequestDelegate.h in Headers */,
				B27E189411F0B95800165C54 /* ASIInputStream.h in Headers */,
				B27E189611F0B95800165C54 /* ASINetworkQueue.h in Headers */,
				B27E189811F0B95800165C54 /* ASIProgressDelegate.h in Headers */,
				B27E18C911F0B95800165C54 /* Reachability.h in Headers */,
				B27E192211F0BB0C00165C54 /* TWOAFormRequest.h in Headers */,
				B27E192411F0BB0C00165C54 /* TWOARequest.h in Headers */,
				B27E19FD11F0BC9700165C54 /* TWOAuthKitConfiguration.h in Headers */,
				B27E1AF411F0D48E00165C54 /* TWOAToken.h in Headers */,
				B21224A611F104750046BEA2 /* Base64Transcoder.h in Headers */,
				B21224AB11F104750046BEA2 /* OAHMAC_SHA1SignatureProvider.h in Headers */,
				B21224AF11F104750046BEA2 /* OASignatureProviding.h in Headers */,
				B21224BB11F104A70046BEA2 /* NSURL+OAuthString.h in Headers */,
				B21225D711F10EF10046BEA2 /* TWOAConsumer.h in Headers */,
				B212264811F112010046BEA2 /* NSDictionary+oaCompareKeys.h in Headers */,
			);
			runOnlyForDeploymentPostprocessing = 0;
		};
/* End PBXHeadersBuildPhase section */

/* Begin PBXNativeTarget section */
		D2AAC07D0554694100DB518D /* YAJLIPhone (Device-3.0) */ = {
			isa = PBXNativeTarget;
			buildConfigurationList = 1DEB921E08733DC00010E9CD /* Build configuration list for PBXNativeTarget "TWOAuthKit" */;
			buildPhases = (
				D2AAC07A0554694100DB518D /* Headers */,
				D2AAC07B0554694100DB518D /* Sources */,
				D2AAC07C0554694100DB518D /* Frameworks */,
			);
			buildRules = (
			);
			dependencies = (
				B27E1A7511F0C1EF00165C54 /* PBXTargetDependency */,
				B24F743711F4B43F0058C32F /* PBXTargetDependency */,
			);
			name = TWOAuthKit;
			productName = TWOAuthKit;
			productReference = D2AAC07E0554694100DB518D /* libTWOAuthKit.a */;
			productType = "com.apple.product-type.library.static";
		};
/* End PBXNativeTarget section */

/* Begin PBXProject section */
		0867D690FE84028FC02AAC07 /* Project object */ = {
			isa = PBXProject;
			attributes = {
				ORGANIZATIONNAME = "Tasteful Works, Inc";
			};
			buildConfigurationList = 1DEB922208733DC00010E9CD /* Build configuration list for PBXProject "TWOAuthKit" */;
			compatibilityVersion = "Xcode 3.1";
			hasScannedForEncodings = 1;
			mainGroup = 0867D691FE84028FC02AAC07 /* TWOAuthKit */;
			productRefGroup = 034768DFFF38A50411DB9C8B /* Products */;
			projectDirPath = "";
			projectReferences = (
				{
					ProductGroup = B27E1A3A11F0C1B500165C54 /* Products */;
					ProjectRef = B27E1A3911F0C1B500165C54 /* TWToolkit.xcodeproj */;
				},
				{
					ProductGroup = B24F741B11F4B4340058C32F /* Products */;
					ProjectRef = B24F741A11F4B4340058C32F /* YAJLIPhone.xcodeproj */;
				},
			);
			projectRoot = "";
			targets = (
				D2AAC07D0554694100DB518D /* YAJLIPhone (Device-3.0) */,
			);
		};
/* End PBXProject section */

/* Begin PBXReferenceProxy section */
		B24F742A11F4B4340058C32F /* libYAJLIPhoneDevice.a */ = {
			isa = PBXReferenceProxy;
			fileType = archive.ar;
			path = libYAJLIPhoneDevice.a;
			remoteRef = B24F742911F4B4340058C32F /* PBXContainerItemProxy */;
			sourceTree = BUILT_PRODUCTS_DIR;
		};
		B24F742C11F4B4340058C32F /* libYAJLIPhoneSimulator.a */ = {
			isa = PBXReferenceProxy;
			fileType = archive.ar;
			path = libYAJLIPhoneSimulator.a;
			remoteRef = B24F742B11F4B4340058C32F /* PBXContainerItemProxy */;
			sourceTree = BUILT_PRODUCTS_DIR;
		};
		B24F742E11F4B4340058C32F /* Tests.app */ = {
			isa = PBXReferenceProxy;
			fileType = wrapper.application;
			path = Tests.app;
			remoteRef = B24F742D11F4B4340058C32F /* PBXContainerItemProxy */;
			sourceTree = BUILT_PRODUCTS_DIR;
		};
		B24F743011F4B4340058C32F /* libYAJLIPhoneDevice4_0.a */ = {
			isa = PBXReferenceProxy;
			fileType = archive.ar;
			path = libYAJLIPhoneDevice4_0.a;
			remoteRef = B24F742F11F4B4340058C32F /* PBXContainerItemProxy */;
			sourceTree = BUILT_PRODUCTS_DIR;
		};
		B24F743211F4B4340058C32F /* libYAJLIPhoneSimulator4_0.a */ = {
			isa = PBXReferenceProxy;
			fileType = archive.ar;
			path = libYAJLIPhoneSimulator4_0.a;
			remoteRef = B24F743111F4B4340058C32F /* PBXContainerItemProxy */;
			sourceTree = BUILT_PRODUCTS_DIR;
		};
		B24F743411F4B4340058C32F /* Tests.app */ = {
			isa = PBXReferenceProxy;
			fileType = wrapper.application;
			path = Tests.app;
			remoteRef = B24F743311F4B4340058C32F /* PBXContainerItemProxy */;
			sourceTree = BUILT_PRODUCTS_DIR;
		};
		B27E1A4111F0C1B500165C54 /* libTWToolkit.a */ = {
			isa = PBXReferenceProxy;
			fileType = archive.ar;
			path = libTWToolkit.a;
			remoteRef = B27E1A4011F0C1B500165C54 /* PBXContainerItemProxy */;
			sourceTree = BUILT_PRODUCTS_DIR;
		};
/* End PBXReferenceProxy section */

/* Begin PBXSourcesBuildPhase section */
		D2AAC07B0554694100DB518D /* Sources */ = {
			isa = PBXSourcesBuildPhase;
			buildActionMask = 2147483647;
			files = (
				B26A172710B354FF009AF307 /* TWTwitterOAuthInternalViewController.m in Sources */,
				B26A172910B354FF009AF307 /* TWTwitterOAuthViewController.m in Sources */,
				B27E188A11F0B95800165C54 /* ASIAuthenticationDialog.m in Sources */,
				B27E188D11F0B95800165C54 /* ASIDownloadCache.m in Sources */,
				B27E188F11F0B95800165C54 /* ASIFormDataRequest.m in Sources */,
				B27E189111F0B95800165C54 /* ASIHTTPRequest.m in Sources */,
				B27E189511F0B95800165C54 /* ASIInputStream.m in Sources */,
				B27E189711F0B95800165C54 /* ASINetworkQueue.m in Sources */,
				B27E18CA11F0B95800165C54 /* Reachability.m in Sources */,
				B27E192311F0BB0C00165C54 /* TWOAFormRequest.m in Sources */,
				B27E192511F0BB0C00165C54 /* TWOARequest.m in Sources */,
				B27E19FE11F0BC9700165C54 /* TWOAuthKitConfiguration.m in Sources */,
				B27E1AF511F0D48E00165C54 /* TWOAToken.m in Sources */,
				B21224A511F104750046BEA2 /* Base64Transcoder.c in Sources */,
				B21224AC11F104750046BEA2 /* OAHMAC_SHA1SignatureProvider.m in Sources */,
				B21224BC11F104A70046BEA2 /* NSURL+OAuthString.m in Sources */,
				B21225D811F10EF10046BEA2 /* TWOAConsumer.m in Sources */,
				B212264911F112010046BEA2 /* NSDictionary+oaCompareKeys.m in Sources */,
			);
			runOnlyForDeploymentPostprocessing = 0;
		};
/* End PBXSourcesBuildPhase section */

/* Begin PBXTargetDependency section */
		B24F743711F4B43F0058C32F /* PBXTargetDependency */ = {
			isa = PBXTargetDependency;
			name = "YAJLIPhone (Device-4.0)";
			targetProxy = B24F743611F4B43F0058C32F /* PBXContainerItemProxy */;
		};
		B27E1A7511F0C1EF00165C54 /* PBXTargetDependency */ = {
			isa = PBXTargetDependency;
			name = TWToolkit;
			targetProxy = B27E1A7411F0C1EF00165C54 /* PBXContainerItemProxy */;
		};
/* End PBXTargetDependency section */

/* Begin XCBuildConfiguration section */
		1DEB921F08733DC00010E9CD /* Debug */ = {
			isa = XCBuildConfiguration;
			buildSettings = {
				ALWAYS_SEARCH_USER_PATHS = NO;
				ARCHS = "$(ARCHS_UNIVERSAL_IPHONE_OS)";
				COPY_PHASE_STRIP = NO;
				DSTROOT = /tmp/TWOAuthKit.dst;
				GCC_DYNAMIC_NO_PIC = NO;
				GCC_ENABLE_FIX_AND_CONTINUE = YES;
				GCC_MODEL_TUNING = G5;
				GCC_OPTIMIZATION_LEVEL = 0;
				GCC_PRECOMPILE_PREFIX_HEADER = YES;
				GCC_PREFIX_HEADER = "Other Sources/TWOAuthKit_Prefix.pch";
				HEADER_SEARCH_PATHS = (
					"\"$(SRCROOT)/TWOAuthKit/Vendor/yajl-objc\"/**",
					"\"$(SRCROOT)/TWOAuthKit/Vendor/TWToolkit\"",
				);
				INSTALL_PATH = /usr/local/lib;
				PRODUCT_NAME = TWOAuthKit;
				SDKROOT = iphoneos3.2;
			};
			name = Debug;
		};
		1DEB922008733DC00010E9CD /* Release */ = {
			isa = XCBuildConfiguration;
			buildSettings = {
				ALWAYS_SEARCH_USER_PATHS = NO;
				ARCHS = "$(ARCHS_UNIVERSAL_IPHONE_OS)";
				DSTROOT = /tmp/TWOAuthKit.dst;
				GCC_MODEL_TUNING = G5;
				GCC_PRECOMPILE_PREFIX_HEADER = YES;
				GCC_PREFIX_HEADER = "Other Sources/TWOAuthKit_Prefix.pch";
				HEADER_SEARCH_PATHS = (
					"\"$(SRCROOT)/TWOAuthKit/Vendor/yajl-objc\"/**",
					"\"$(SRCROOT)/TWOAuthKit/Vendor/TWToolkit\"",
				);
				INSTALL_PATH = /usr/local/lib;
				PRODUCT_NAME = TWOAuthKit;
				SDKROOT = iphoneos3.2;
			};
			name = Release;
		};
		1DEB922308733DC00010E9CD /* Debug */ = {
			isa = XCBuildConfiguration;
			buildSettings = {
				ARCHS = "$(ARCHS_STANDARD_32_BIT)";
				GCC_C_LANGUAGE_STANDARD = c99;
				GCC_OPTIMIZATION_LEVEL = 0;
				GCC_WARN_ABOUT_RETURN_TYPE = YES;
				GCC_WARN_UNUSED_VARIABLE = YES;
				OTHER_LDFLAGS = "-ObjC";
				PREBINDING = NO;
				SDKROOT = iphonesimulator3.2;
			};
			name = Debug;
		};
		1DEB922408733DC00010E9CD /* Release */ = {
			isa = XCBuildConfiguration;
			buildSettings = {
				ARCHS = "$(ARCHS_STANDARD_32_BIT)";
				GCC_C_LANGUAGE_STANDARD = c99;
				GCC_WARN_ABOUT_RETURN_TYPE = YES;
				GCC_WARN_UNUSED_VARIABLE = YES;
				OTHER_LDFLAGS = "-ObjC";
				PREBINDING = NO;
				SDKROOT = iphonesimulator3.2;
			};
			name = Release;
		};
/* End XCBuildConfiguration section */

/* Begin XCConfigurationList section */
		1DEB921E08733DC00010E9CD /* Build configuration list for PBXNativeTarget "TWOAuthKit" */ = {
			isa = XCConfigurationList;
			buildConfigurations = (
				1DEB921F08733DC00010E9CD /* Debug */,
				1DEB922008733DC00010E9CD /* Release */,
			);
			defaultConfigurationIsVisible = 0;
			defaultConfigurationName = Release;
		};
		1DEB922208733DC00010E9CD /* Build configuration list for PBXProject "TWOAuthKit" */ = {
			isa = XCConfigurationList;
			buildConfigurations = (
				1DEB922308733DC00010E9CD /* Debug */,
				1DEB922408733DC00010E9CD /* Release */,
			);
			defaultConfigurationIsVisible = 0;
			defaultConfigurationName = Release;
		};
/* End XCConfigurationList section */
	};
	rootObject = 0867D690FE84028FC02AAC07 /* Project object */;
}
