// !$*UTF8*$!
{
	archiveVersion = 1;
	classes = {
	};
	objectVersion = 45;
	objects = {

/* Begin PBXBuildFile section */
		1D3623260D0F684500981E51 /* TwitterDemoAppDelegate.m in Sources */ = {isa = PBXBuildFile; fileRef = 1D3623250D0F684500981E51 /* TwitterDemoAppDelegate.m */; };
		1D60589B0D05DD56006BFB54 /* main.m in Sources */ = {isa = PBXBuildFile; fileRef = 29B97316FDCFA39411CA2CEA /* main.m */; };
		1D60589F0D05DD5A006BFB54 /* Foundation.framework in Frameworks */ = {isa = PBXBuildFile; fileRef = 1D30AB110D05D00D00671497 /* Foundation.framework */; };
		1DF5F4E00D08C38300B7A737 /* UIKit.framework in Frameworks */ = {isa = PBXBuildFile; fileRef = 1DF5F4DF0D08C38300B7A737 /* UIKit.framework */; };
		288765A50DF7441C002DB57D /* CoreGraphics.framework in Frameworks */ = {isa = PBXBuildFile; fileRef = 288765A40DF7441C002DB57D /* CoreGraphics.framework */; };
		28D7ACF80DDB3853001CB0EB /* TwitterDemoViewController.m in Sources */ = {isa = PBXBuildFile; fileRef = 28D7ACF70DDB3853001CB0EB /* TwitterDemoViewController.m */; };
		B29851BD11F0D856008B1A4A /* CFNetwork.framework in Frameworks */ = {isa = PBXBuildFile; fileRef = B29851BC11F0D856008B1A4A /* CFNetwork.framework */; };
		B29851BF11F0D856008B1A4A /* MobileCoreServices.framework in Frameworks */ = {isa = PBXBuildFile; fileRef = B29851BE11F0D856008B1A4A /* MobileCoreServices.framework */; };
		B29851C111F0D856008B1A4A /* SystemConfiguration.framework in Frameworks */ = {isa = PBXBuildFile; fileRef = B29851C011F0D856008B1A4A /* SystemConfiguration.framework */; };
		B29851C311F0D856008B1A4A /* libz.dylib in Frameworks */ = {isa = PBXBuildFile; fileRef = B29851C211F0D856008B1A4A /* libz.dylib */; };
		B29851CD11F0D85C008B1A4A /* Security.framework in Frameworks */ = {isa = PBXBuildFile; fileRef = B29851CC11F0D85C008B1A4A /* Security.framework */; };
		B2E036D3121DC9D400D02434 /* SSOAuthKit.bundle in Resources */ = {isa = PBXBuildFile; fileRef = B2E036D2121DC9D400D02434 /* SSOAuthKit.bundle */; };
		B2E036D7121DC9DF00D02434 /* SSToolkit.bundle in Resources */ = {isa = PBXBuildFile; fileRef = B2E036D6121DC9DF00D02434 /* SSToolkit.bundle */; };
		B2E036F4121DC9F000D02434 /* libSSOAuthKit.a in Frameworks */ = {isa = PBXBuildFile; fileRef = B2E036F3121DC9EE00D02434 /* libSSOAuthKit.a */; };
/* End PBXBuildFile section */

/* Begin PBXContainerItemProxy section */
		B2E036F2121DC9EE00D02434 /* PBXContainerItemProxy */ = {
			isa = PBXContainerItemProxy;
			containerPortal = B2E036E1121DC9EE00D02434 /* SSOAuthKit.xcodeproj */;
			proxyType = 2;
			remoteGlobalIDString = D2AAC07E0554694100DB518D;
			remoteInfo = SSOAuthKit;
		};
		B2E036F5121DC9F400D02434 /* PBXContainerItemProxy */ = {
			isa = PBXContainerItemProxy;
			containerPortal = B2E036E1121DC9EE00D02434 /* SSOAuthKit.xcodeproj */;
			proxyType = 1;
			remoteGlobalIDString = D2AAC07D0554694100DB518D;
			remoteInfo = SSOAuthKit;
		};
/* End PBXContainerItemProxy section */

/* Begin PBXFileReference section */
		1D30AB110D05D00D00671497 /* Foundation.framework */ = {isa = PBXFileReference; lastKnownFileType = wrapper.framework; name = Foundation.framework; path = System/Library/Frameworks/Foundation.framework; sourceTree = SDKROOT; };
		1D3623240D0F684500981E51 /* TwitterDemoAppDelegate.h */ = {isa = PBXFileReference; fileEncoding = 4; lastKnownFileType = sourcecode.c.h; path = TwitterDemoAppDelegate.h; sourceTree = "<group>"; };
		1D3623250D0F684500981E51 /* TwitterDemoAppDelegate.m */ = {isa = PBXFileReference; fileEncoding = 4; lastKnownFileType = sourcecode.c.objc; path = TwitterDemoAppDelegate.m; sourceTree = "<group>"; };
		1D6058910D05DD3D006BFB54 /* TwitterDemo.app */ = {isa = PBXFileReference; explicitFileType = wrapper.application; includeInIndex = 0; path = TwitterDemo.app; sourceTree = BUILT_PRODUCTS_DIR; };
		1DF5F4DF0D08C38300B7A737 /* UIKit.framework */ = {isa = PBXFileReference; lastKnownFileType = wrapper.framework; name = UIKit.framework; path = System/Library/Frameworks/UIKit.framework; sourceTree = SDKROOT; };
		288765A40DF7441C002DB57D /* CoreGraphics.framework */ = {isa = PBXFileReference; lastKnownFileType = wrapper.framework; name = CoreGraphics.framework; path = System/Library/Frameworks/CoreGraphics.framework; sourceTree = SDKROOT; };
		28D7ACF60DDB3853001CB0EB /* TwitterDemoViewController.h */ = {isa = PBXFileReference; fileEncoding = 4; lastKnownFileType = sourcecode.c.h; path = TwitterDemoViewController.h; sourceTree = "<group>"; };
		28D7ACF70DDB3853001CB0EB /* TwitterDemoViewController.m */ = {isa = PBXFileReference; fileEncoding = 4; lastKnownFileType = sourcecode.c.objc; path = TwitterDemoViewController.m; sourceTree = "<group>"; };
		29B97316FDCFA39411CA2CEA /* main.m */ = {isa = PBXFileReference; fileEncoding = 4; lastKnownFileType = sourcecode.c.objc; path = main.m; sourceTree = "<group>"; };
		32CA4F630368D1EE00C91783 /* TwitterDemo_Prefix.pch */ = {isa = PBXFileReference; fileEncoding = 4; lastKnownFileType = sourcecode.c.h; path = TwitterDemo_Prefix.pch; sourceTree = "<group>"; };
		8D1107310486CEB800E47090 /* TwitterDemo-Info.plist */ = {isa = PBXFileReference; fileEncoding = 4; lastKnownFileType = text.plist.xml; path = "TwitterDemo-Info.plist"; plistStructureDefinitionIdentifier = "com.apple.xcode.plist.structure-definition.iphone.info-plist"; sourceTree = "<group>"; };
		B29851BC11F0D856008B1A4A /* CFNetwork.framework */ = {isa = PBXFileReference; lastKnownFileType = wrapper.framework; name = CFNetwork.framework; path = System/Library/Frameworks/CFNetwork.framework; sourceTree = SDKROOT; };
		B29851BE11F0D856008B1A4A /* MobileCoreServices.framework */ = {isa = PBXFileReference; lastKnownFileType = wrapper.framework; name = MobileCoreServices.framework; path = System/Library/Frameworks/MobileCoreServices.framework; sourceTree = SDKROOT; };
		B29851C011F0D856008B1A4A /* SystemConfiguration.framework */ = {isa = PBXFileReference; lastKnownFileType = wrapper.framework; name = SystemConfiguration.framework; path = System/Library/Frameworks/SystemConfiguration.framework; sourceTree = SDKROOT; };
		B29851C211F0D856008B1A4A /* libz.dylib */ = {isa = PBXFileReference; lastKnownFileType = "compiled.mach-o.dylib"; name = libz.dylib; path = usr/lib/libz.dylib; sourceTree = SDKROOT; };
		B29851CC11F0D85C008B1A4A /* Security.framework */ = {isa = PBXFileReference; lastKnownFileType = wrapper.framework; name = Security.framework; path = System/Library/Frameworks/Security.framework; sourceTree = SDKROOT; };
		B2E036D2121DC9D400D02434 /* SSOAuthKit.bundle */ = {isa = PBXFileReference; lastKnownFileType = "wrapper.plug-in"; name = SSOAuthKit.bundle; path = ../Resources/SSOAuthKit.bundle; sourceTree = SOURCE_ROOT; };
		B2E036D6121DC9DF00D02434 /* SSToolkit.bundle */ = {isa = PBXFileReference; lastKnownFileType = "wrapper.plug-in"; name = SSToolkit.bundle; path = ../SSOAuthKit/Vendor/SSToolkit/Resources/SSToolkit.bundle; sourceTree = SOURCE_ROOT; };
		B2E036E1121DC9EE00D02434 /* SSOAuthKit.xcodeproj */ = {isa = PBXFileReference; lastKnownFileType = "wrapper.pb-project"; name = SSOAuthKit.xcodeproj; path = ../SSOAuthKit.xcodeproj; sourceTree = SOURCE_ROOT; };
/* End PBXFileReference section */

/* Begin PBXFrameworksBuildPhase section */
		1D60588F0D05DD3D006BFB54 /* Frameworks */ = {
			isa = PBXFrameworksBuildPhase;
			buildActionMask = 2147483647;
			files = (
				1D60589F0D05DD5A006BFB54 /* Foundation.framework in Frameworks */,
				1DF5F4E00D08C38300B7A737 /* UIKit.framework in Frameworks */,
				288765A50DF7441C002DB57D /* CoreGraphics.framework in Frameworks */,
				B29851BD11F0D856008B1A4A /* CFNetwork.framework in Frameworks */,
				B29851BF11F0D856008B1A4A /* MobileCoreServices.framework in Frameworks */,
				B29851C111F0D856008B1A4A /* SystemConfiguration.framework in Frameworks */,
				B29851C311F0D856008B1A4A /* libz.dylib in Frameworks */,
				B29851CD11F0D85C008B1A4A /* Security.framework in Frameworks */,
				B2E036F4121DC9F000D02434 /* libSSOAuthKit.a in Frameworks */,
			);
			runOnlyForDeploymentPostprocessing = 0;
		};
/* End PBXFrameworksBuildPhase section */

/* Begin PBXGroup section */
		080E96DDFE201D6D7F000001 /* Classes */ = {
			isa = PBXGroup;
			children = (
				1D3623240D0F684500981E51 /* TwitterDemoAppDelegate.h */,
				1D3623250D0F684500981E51 /* TwitterDemoAppDelegate.m */,
				28D7ACF60DDB3853001CB0EB /* TwitterDemoViewController.h */,
				28D7ACF70DDB3853001CB0EB /* TwitterDemoViewController.m */,
			);
			path = Classes;
			sourceTree = "<group>";
		};
		19C28FACFE9D520D11CA2CBB /* Products */ = {
			isa = PBXGroup;
			children = (
				1D6058910D05DD3D006BFB54 /* TwitterDemo.app */,
			);
			name = Products;
			sourceTree = "<group>";
		};
		29B97314FDCFA39411CA2CEA /* CustomTemplate */ = {
			isa = PBXGroup;
			children = (
				080E96DDFE201D6D7F000001 /* Classes */,
				29B97315FDCFA39411CA2CEA /* Other Sources */,
				29B97317FDCFA39411CA2CEA /* Resources */,
				29B97323FDCFA39411CA2CEA /* Frameworks */,
				19C28FACFE9D520D11CA2CBB /* Products */,
			);
			name = CustomTemplate;
			sourceTree = "<group>";
		};
		29B97315FDCFA39411CA2CEA /* Other Sources */ = {
			isa = PBXGroup;
			children = (
				32CA4F630368D1EE00C91783 /* TwitterDemo_Prefix.pch */,
				29B97316FDCFA39411CA2CEA /* main.m */,
			);
			name = "Other Sources";
			sourceTree = "<group>";
		};
		29B97317FDCFA39411CA2CEA /* Resources */ = {
			isa = PBXGroup;
			children = (
				8D1107310486CEB800E47090 /* TwitterDemo-Info.plist */,
				B2E036D2121DC9D400D02434 /* SSOAuthKit.bundle */,
				B2E036D6121DC9DF00D02434 /* SSToolkit.bundle */,
			);
			name = Resources;
			sourceTree = "<group>";
		};
		29B97323FDCFA39411CA2CEA /* Frameworks */ = {
			isa = PBXGroup;
			children = (
				B2E036E1121DC9EE00D02434 /* SSOAuthKit.xcodeproj */,
				1DF5F4DF0D08C38300B7A737 /* UIKit.framework */,
				1D30AB110D05D00D00671497 /* Foundation.framework */,
				288765A40DF7441C002DB57D /* CoreGraphics.framework */,
				B29851BC11F0D856008B1A4A /* CFNetwork.framework */,
				B29851BE11F0D856008B1A4A /* MobileCoreServices.framework */,
				B29851C011F0D856008B1A4A /* SystemConfiguration.framework */,
				B29851C211F0D856008B1A4A /* libz.dylib */,
				B29851CC11F0D85C008B1A4A /* Security.framework */,
			);
			name = Frameworks;
			sourceTree = "<group>";
		};
		B2E036E2121DC9EE00D02434 /* Products */ = {
			isa = PBXGroup;
			children = (
				B2E036F3121DC9EE00D02434 /* libSSOAuthKit.a */,
			);
			name = Products;
			sourceTree = "<group>";
		};
/* End PBXGroup section */

/* Begin PBXNativeTarget section */
		1D6058900D05DD3D006BFB54 /* TwitterDemo */ = {
			isa = PBXNativeTarget;
			buildConfigurationList = 1D6058960D05DD3E006BFB54 /* Build configuration list for PBXNativeTarget "TwitterDemo" */;
			buildPhases = (
				1D60588D0D05DD3D006BFB54 /* Resources */,
				1D60588E0D05DD3D006BFB54 /* Sources */,
				1D60588F0D05DD3D006BFB54 /* Frameworks */,
			);
			buildRules = (
			);
			dependencies = (
				B2E036F6121DC9F400D02434 /* PBXTargetDependency */,
			);
			name = TwitterDemo;
			productName = TwitterDemo;
			productReference = 1D6058910D05DD3D006BFB54 /* TwitterDemo.app */;
			productType = "com.apple.product-type.application";
		};
/* End PBXNativeTarget section */

/* Begin PBXProject section */
		29B97313FDCFA39411CA2CEA /* Project object */ = {
			isa = PBXProject;
			attributes = {
				ORGANIZATIONNAME = "Sam Soffes";
			};
			buildConfigurationList = C01FCF4E08A954540054247B /* Build configuration list for PBXProject "TwitterDemo" */;
			compatibilityVersion = "Xcode 3.1";
			developmentRegion = English;
			hasScannedForEncodings = 1;
			knownRegions = (
				English,
				Japanese,
				French,
				German,
			);
			mainGroup = 29B97314FDCFA39411CA2CEA /* CustomTemplate */;
			projectDirPath = "";
			projectReferences = (
				{
					ProductGroup = B2E036E2121DC9EE00D02434 /* Products */;
					ProjectRef = B2E036E1121DC9EE00D02434 /* SSOAuthKit.xcodeproj */;
				},
			);
			projectRoot = "";
			targets = (
				1D6058900D05DD3D006BFB54 /* TwitterDemo */,
			);
		};
/* End PBXProject section */

/* Begin PBXReferenceProxy section */
		B2E036F3121DC9EE00D02434 /* libSSOAuthKit.a */ = {
			isa = PBXReferenceProxy;
			fileType = archive.ar;
			path = libSSOAuthKit.a;
			remoteRef = B2E036F2121DC9EE00D02434 /* PBXContainerItemProxy */;
			sourceTree = BUILT_PRODUCTS_DIR;
		};
/* End PBXReferenceProxy section */

/* Begin PBXResourcesBuildPhase section */
		1D60588D0D05DD3D006BFB54 /* Resources */ = {
			isa = PBXResourcesBuildPhase;
			buildActionMask = 2147483647;
			files = (
				B2E036D3121DC9D400D02434 /* SSOAuthKit.bundle in Resources */,
				B2E036D7121DC9DF00D02434 /* SSToolkit.bundle in Resources */,
			);
			runOnlyForDeploymentPostprocessing = 0;
		};
/* End PBXResourcesBuildPhase section */

/* Begin PBXSourcesBuildPhase section */
		1D60588E0D05DD3D006BFB54 /* Sources */ = {
			isa = PBXSourcesBuildPhase;
			buildActionMask = 2147483647;
			files = (
				1D60589B0D05DD56006BFB54 /* main.m in Sources */,
				1D3623260D0F684500981E51 /* TwitterDemoAppDelegate.m in Sources */,
				28D7ACF80DDB3853001CB0EB /* TwitterDemoViewController.m in Sources */,
			);
			runOnlyForDeploymentPostprocessing = 0;
		};
/* End PBXSourcesBuildPhase section */

/* Begin PBXTargetDependency section */
		B2E036F6121DC9F400D02434 /* PBXTargetDependency */ = {
			isa = PBXTargetDependency;
			name = SSOAuthKit;
			targetProxy = B2E036F5121DC9F400D02434 /* PBXContainerItemProxy */;
		};
/* End PBXTargetDependency section */

/* Begin XCBuildConfiguration section */
		1D6058940D05DD3E006BFB54 /* Debug */ = {
			isa = XCBuildConfiguration;
			buildSettings = {
				ALWAYS_SEARCH_USER_PATHS = NO;
				COPY_PHASE_STRIP = NO;
				GCC_DYNAMIC_NO_PIC = NO;
				GCC_OPTIMIZATION_LEVEL = 0;
				GCC_PRECOMPILE_PREFIX_HEADER = YES;
				GCC_PREFIX_HEADER = TwitterDemo_Prefix.pch;
				HEADER_SEARCH_PATHS = "\"$(SRCROOT)/../\"/**";
				INFOPLIST_FILE = "TwitterDemo-Info.plist";
				OTHER_LDFLAGS = (
					"-ObjC",
					"-all_load",
				);
				PRODUCT_NAME = TwitterDemo;
				SDKROOT = iphoneos;
				TARGETED_DEVICE_FAMILY = "1,2";
			};
			name = Debug;
		};
		1D6058950D05DD3E006BFB54 /* Release */ = {
			isa = XCBuildConfiguration;
			buildSettings = {
				ALWAYS_SEARCH_USER_PATHS = NO;
				COPY_PHASE_STRIP = YES;
				GCC_PRECOMPILE_PREFIX_HEADER = YES;
				GCC_PREFIX_HEADER = TwitterDemo_Prefix.pch;
				HEADER_SEARCH_PATHS = "\"$(SRCROOT)/../\"/**";
				INFOPLIST_FILE = "TwitterDemo-Info.plist";
				OTHER_LDFLAGS = (
					"-ObjC",
					"-all_load",
				);
				PRODUCT_NAME = TwitterDemo;
				SDKROOT = iphoneos;
				TARGETED_DEVICE_FAMILY = "1,2";
				VALIDATE_PRODUCT = YES;
			};
			name = Release;
		};
		C01FCF4F08A954540054247B /* Debug */ = {
			isa = XCBuildConfiguration;
			buildSettings = {
				ARCHS = "$(ARCHS_UNIVERSAL_IPHONE_OS)";
				"CODE_SIGN_IDENTITY[sdk=iphoneos*]" = "iPhone Developer";
				GCC_C_LANGUAGE_STANDARD = c99;
				GCC_WARN_ABOUT_RETURN_TYPE = YES;
				GCC_WARN_UNUSED_VARIABLE = YES;
				PREBINDING = NO;
				SDKROOT = iphoneos3.2;
				TARGETED_DEVICE_FAMILY = 2;
			};
			name = Debug;
		};
		C01FCF5008A954540054247B /* Release */ = {
			isa = XCBuildConfiguration;
			buildSettings = {
				ARCHS = "$(ARCHS_UNIVERSAL_IPHONE_OS)";
				"CODE_SIGN_IDENTITY[sdk=iphoneos*]" = "iPhone Developer";
				GCC_C_LANGUAGE_STANDARD = c99;
				GCC_WARN_ABOUT_RETURN_TYPE = YES;
				GCC_WARN_UNUSED_VARIABLE = YES;
				OTHER_CFLAGS = "-DNS_BLOCK_ASSERTIONS=1";
				PREBINDING = NO;
				SDKROOT = iphoneos3.2;
				TARGETED_DEVICE_FAMILY = 2;
			};
			name = Release;
		};
/* End XCBuildConfiguration section */

/* Begin XCConfigurationList section */
		1D6058960D05DD3E006BFB54 /* Build configuration list for PBXNativeTarget "TwitterDemo" */ = {
			isa = XCConfigurationList;
			buildConfigurations = (
				1D6058940D05DD3E006BFB54 /* Debug */,
				1D6058950D05DD3E006BFB54 /* Release */,
			);
			defaultConfigurationIsVisible = 0;
			defaultConfigurationName = Release;
		};
		C01FCF4E08A954540054247B /* Build configuration list for PBXProject "TwitterDemo" */ = {
			isa = XCConfigurationList;
			buildConfigurations = (
				C01FCF4F08A954540054247B /* Debug */,
				C01FCF5008A954540054247B /* Release */,
			);
			defaultConfigurationIsVisible = 0;
			defaultConfigurationName = Release;
		};
/* End XCConfigurationList section */
	};
	rootObject = 29B97313FDCFA39411CA2CEA /* Project object */;
}
