// !$*UTF8*$!
{
	archiveVersion = 1;
	classes = {
	};
	objectVersion = 45;
	objects = {

/* Begin PBXBuildFile section */
		AACBBE4A0F95108600F1A2B1 /* Foundation.framework in Frameworks */ = {isa = PBXBuildFile; fileRef = AACBBE490F95108600F1A2B1 /* Foundation.framework */; };
		B26A172610B354FF009AF307 /* TWTwitterOAuthInternalViewController.h in Headers */ = {isa = PBXBuildFile; fileRef = B26A172210B354FF009AF307 /* TWTwitterOAuthInternalViewController.h */; };
		B26A172710B354FF009AF307 /* TWTwitterOAuthInternalViewController.m in Sources */ = {isa = PBXBuildFile; fileRef = B26A172310B354FF009AF307 /* TWTwitterOAuthInternalViewController.m */; };
		B26A172810B354FF009AF307 /* TWTwitterOAuthViewController.h in Headers */ = {isa = PBXBuildFile; fileRef = B26A172410B354FF009AF307 /* TWTwitterOAuthViewController.h */; };
		B26A172910B354FF009AF307 /* TWTwitterOAuthViewController.m in Sources */ = {isa = PBXBuildFile; fileRef = B26A172510B354FF009AF307 /* TWTwitterOAuthViewController.m */; };
		B26A173610B3550A009AF307 /* Base64Transcoder.c in Sources */ = {isa = PBXBuildFile; fileRef = B26A172B10B3550A009AF307 /* Base64Transcoder.c */; };
		B26A173710B3550A009AF307 /* Base64Transcoder.h in Headers */ = {isa = PBXBuildFile; fileRef = B26A172C10B3550A009AF307 /* Base64Transcoder.h */; };
		B26A173810B3550A009AF307 /* OAConsumer.h in Headers */ = {isa = PBXBuildFile; fileRef = B26A172D10B3550A009AF307 /* OAConsumer.h */; };
		B26A173910B3550A009AF307 /* OAConsumer.m in Sources */ = {isa = PBXBuildFile; fileRef = B26A172E10B3550A009AF307 /* OAConsumer.m */; };
		B26A173A10B3550A009AF307 /* OAHMAC_SHA1SignatureProvider.h in Headers */ = {isa = PBXBuildFile; fileRef = B26A172F10B3550A009AF307 /* OAHMAC_SHA1SignatureProvider.h */; };
		B26A173B10B3550A009AF307 /* OAHMAC_SHA1SignatureProvider.m in Sources */ = {isa = PBXBuildFile; fileRef = B26A173010B3550A009AF307 /* OAHMAC_SHA1SignatureProvider.m */; };
		B26A173C10B3550A009AF307 /* OAPlaintextSignatureProvider.h in Headers */ = {isa = PBXBuildFile; fileRef = B26A173110B3550A009AF307 /* OAPlaintextSignatureProvider.h */; };
		B26A173D10B3550A009AF307 /* OAPlaintextSignatureProvider.m in Sources */ = {isa = PBXBuildFile; fileRef = B26A173210B3550A009AF307 /* OAPlaintextSignatureProvider.m */; };
		B26A173E10B3550A009AF307 /* OASignatureProviding.h in Headers */ = {isa = PBXBuildFile; fileRef = B26A173310B3550A009AF307 /* OASignatureProviding.h */; };
		B26A173F10B3550A009AF307 /* OAToken.h in Headers */ = {isa = PBXBuildFile; fileRef = B26A173410B3550A009AF307 /* OAToken.h */; };
		B26A174010B3550A009AF307 /* OAToken.m in Sources */ = {isa = PBXBuildFile; fileRef = B26A173510B3550A009AF307 /* OAToken.m */; };
		B26A174410B35518009AF307 /* TWURLRequest+OAuth.h in Headers */ = {isa = PBXBuildFile; fileRef = B26A174210B35518009AF307 /* TWURLRequest+OAuth.h */; };
		B26A174510B35518009AF307 /* TWURLRequest+OAuth.m in Sources */ = {isa = PBXBuildFile; fileRef = B26A174310B35518009AF307 /* TWURLRequest+OAuth.m */; };
		B26A175110B35583009AF307 /* NSURL+OAuthString.h in Headers */ = {isa = PBXBuildFile; fileRef = B26A174F10B35583009AF307 /* NSURL+OAuthString.h */; };
		B26A175210B35583009AF307 /* NSURL+OAuthString.m in Sources */ = {isa = PBXBuildFile; fileRef = B26A175010B35583009AF307 /* NSURL+OAuthString.m */; };
		B26A177610B356DC009AF307 /* CoreGraphics.framework in Frameworks */ = {isa = PBXBuildFile; fileRef = B26A177510B356DC009AF307 /* CoreGraphics.framework */; };
		B26A177810B356DC009AF307 /* SystemConfiguration.framework in Frameworks */ = {isa = PBXBuildFile; fileRef = B26A177710B356DC009AF307 /* SystemConfiguration.framework */; };
		B26A177A10B356DC009AF307 /* UIKit.framework in Frameworks */ = {isa = PBXBuildFile; fileRef = B26A177910B356DC009AF307 /* UIKit.framework */; };
		B26A17FA10B356E9009AF307 /* libTWToolkit.a in Frameworks */ = {isa = PBXBuildFile; fileRef = B26A17F910B356E7009AF307 /* libTWToolkit.a */; };
		B2BA993810B352D3001EEA88 /* TWOAuthKit_Prefix.pch in Headers */ = {isa = PBXBuildFile; fileRef = B2BA993710B352D3001EEA88 /* TWOAuthKit_Prefix.pch */; };
		B2BA994210B3530B001EEA88 /* TWOAuthKit.h in Headers */ = {isa = PBXBuildFile; fileRef = B2BA994010B3530B001EEA88 /* TWOAuthKit.h */; };
/* End PBXBuildFile section */

/* Begin PBXContainerItemProxy section */
		B26A17F810B356E7009AF307 /* PBXContainerItemProxy */ = {
			isa = PBXContainerItemProxy;
			containerPortal = B26A17F110B356E7009AF307 /* TWToolkit.xcodeproj */;
			proxyType = 2;
			remoteGlobalIDString = D2AAC07E0554694100DB518D /* libTWToolkit.a */;
			remoteInfo = TWToolkit;
		};
		B26A17FB10B356F0009AF307 /* PBXContainerItemProxy */ = {
			isa = PBXContainerItemProxy;
			containerPortal = B26A17F110B356E7009AF307 /* TWToolkit.xcodeproj */;
			proxyType = 1;
			remoteGlobalIDString = D2AAC07D0554694100DB518D /* TWToolkit */;
			remoteInfo = TWToolkit;
		};
/* End PBXContainerItemProxy section */

/* Begin PBXFileReference section */
		AACBBE490F95108600F1A2B1 /* Foundation.framework */ = {isa = PBXFileReference; lastKnownFileType = wrapper.framework; name = Foundation.framework; path = System/Library/Frameworks/Foundation.framework; sourceTree = SDKROOT; };
		B26A172210B354FF009AF307 /* TWTwitterOAuthInternalViewController.h */ = {isa = PBXFileReference; fileEncoding = 4; lastKnownFileType = sourcecode.c.h; path = TWTwitterOAuthInternalViewController.h; sourceTree = "<group>"; };
		B26A172310B354FF009AF307 /* TWTwitterOAuthInternalViewController.m */ = {isa = PBXFileReference; fileEncoding = 4; lastKnownFileType = sourcecode.c.objc; path = TWTwitterOAuthInternalViewController.m; sourceTree = "<group>"; };
		B26A172410B354FF009AF307 /* TWTwitterOAuthViewController.h */ = {isa = PBXFileReference; fileEncoding = 4; lastKnownFileType = sourcecode.c.h; path = TWTwitterOAuthViewController.h; sourceTree = "<group>"; };
		B26A172510B354FF009AF307 /* TWTwitterOAuthViewController.m */ = {isa = PBXFileReference; fileEncoding = 4; lastKnownFileType = sourcecode.c.objc; path = TWTwitterOAuthViewController.m; sourceTree = "<group>"; };
		B26A172B10B3550A009AF307 /* Base64Transcoder.c */ = {isa = PBXFileReference; fileEncoding = 4; lastKnownFileType = sourcecode.c.c; path = Base64Transcoder.c; sourceTree = "<group>"; };
		B26A172C10B3550A009AF307 /* Base64Transcoder.h */ = {isa = PBXFileReference; fileEncoding = 4; lastKnownFileType = sourcecode.c.h; path = Base64Transcoder.h; sourceTree = "<group>"; };
		B26A172D10B3550A009AF307 /* OAConsumer.h */ = {isa = PBXFileReference; fileEncoding = 4; lastKnownFileType = sourcecode.c.h; path = OAConsumer.h; sourceTree = "<group>"; };
		B26A172E10B3550A009AF307 /* OAConsumer.m */ = {isa = PBXFileReference; fileEncoding = 4; lastKnownFileType = sourcecode.c.objc; path = OAConsumer.m; sourceTree = "<group>"; };
		B26A172F10B3550A009AF307 /* OAHMAC_SHA1SignatureProvider.h */ = {isa = PBXFileReference; fileEncoding = 4; lastKnownFileType = sourcecode.c.h; path = OAHMAC_SHA1SignatureProvider.h; sourceTree = "<group>"; };
		B26A173010B3550A009AF307 /* OAHMAC_SHA1SignatureProvider.m */ = {isa = PBXFileReference; fileEncoding = 4; lastKnownFileType = sourcecode.c.objc; path = OAHMAC_SHA1SignatureProvider.m; sourceTree = "<group>"; };
		B26A173110B3550A009AF307 /* OAPlaintextSignatureProvider.h */ = {isa = PBXFileReference; fileEncoding = 4; lastKnownFileType = sourcecode.c.h; path = OAPlaintextSignatureProvider.h; sourceTree = "<group>"; };
		B26A173210B3550A009AF307 /* OAPlaintextSignatureProvider.m */ = {isa = PBXFileReference; fileEncoding = 4; lastKnownFileType = sourcecode.c.objc; path = OAPlaintextSignatureProvider.m; sourceTree = "<group>"; };
		B26A173310B3550A009AF307 /* OASignatureProviding.h */ = {isa = PBXFileReference; fileEncoding = 4; lastKnownFileType = sourcecode.c.h; path = OASignatureProviding.h; sourceTree = "<group>"; };
		B26A173410B3550A009AF307 /* OAToken.h */ = {isa = PBXFileReference; fileEncoding = 4; lastKnownFileType = sourcecode.c.h; path = OAToken.h; sourceTree = "<group>"; };
		B26A173510B3550A009AF307 /* OAToken.m */ = {isa = PBXFileReference; fileEncoding = 4; lastKnownFileType = sourcecode.c.objc; path = OAToken.m; sourceTree = "<group>"; };
		B26A174210B35518009AF307 /* TWURLRequest+OAuth.h */ = {isa = PBXFileReference; fileEncoding = 4; lastKnownFileType = sourcecode.c.h; path = "TWURLRequest+OAuth.h"; sourceTree = "<group>"; };
		B26A174310B35518009AF307 /* TWURLRequest+OAuth.m */ = {isa = PBXFileReference; fileEncoding = 4; lastKnownFileType = sourcecode.c.objc; path = "TWURLRequest+OAuth.m"; sourceTree = "<group>"; };
		B26A174F10B35583009AF307 /* NSURL+OAuthString.h */ = {isa = PBXFileReference; fileEncoding = 4; lastKnownFileType = sourcecode.c.h; path = "NSURL+OAuthString.h"; sourceTree = "<group>"; };
		B26A175010B35583009AF307 /* NSURL+OAuthString.m */ = {isa = PBXFileReference; fileEncoding = 4; lastKnownFileType = sourcecode.c.objc; path = "NSURL+OAuthString.m"; sourceTree = "<group>"; };
		B26A177510B356DC009AF307 /* CoreGraphics.framework */ = {isa = PBXFileReference; lastKnownFileType = wrapper.framework; name = CoreGraphics.framework; path = System/Library/Frameworks/CoreGraphics.framework; sourceTree = SDKROOT; };
		B26A177710B356DC009AF307 /* SystemConfiguration.framework */ = {isa = PBXFileReference; lastKnownFileType = wrapper.framework; name = SystemConfiguration.framework; path = System/Library/Frameworks/SystemConfiguration.framework; sourceTree = SDKROOT; };
		B26A177910B356DC009AF307 /* UIKit.framework */ = {isa = PBXFileReference; lastKnownFileType = wrapper.framework; name = UIKit.framework; path = System/Library/Frameworks/UIKit.framework; sourceTree = SDKROOT; };
		B26A17F110B356E7009AF307 /* TWToolkit.xcodeproj */ = {isa = PBXFileReference; lastKnownFileType = "wrapper.pb-project"; name = TWToolkit.xcodeproj; path = Frameworks/TWToolkit/TWToolkit.xcodeproj; sourceTree = "<group>"; };
		B2BA993710B352D3001EEA88 /* TWOAuthKit_Prefix.pch */ = {isa = PBXFileReference; fileEncoding = 4; lastKnownFileType = sourcecode.c.h; path = TWOAuthKit_Prefix.pch; sourceTree = "<group>"; };
		B2BA994010B3530B001EEA88 /* TWOAuthKit.h */ = {isa = PBXFileReference; fileEncoding = 4; lastKnownFileType = sourcecode.c.h; path = TWOAuthKit.h; sourceTree = "<group>"; };
		D2AAC07E0554694100DB518D /* libTWOAuthKit.a */ = {isa = PBXFileReference; explicitFileType = archive.ar; includeInIndex = 0; path = libTWOAuthKit.a; sourceTree = BUILT_PRODUCTS_DIR; };
/* End PBXFileReference section */

/* Begin PBXFrameworksBuildPhase section */
		D2AAC07C0554694100DB518D /* Frameworks */ = {
			isa = PBXFrameworksBuildPhase;
			buildActionMask = 2147483647;
			files = (
				AACBBE4A0F95108600F1A2B1 /* Foundation.framework in Frameworks */,
				B26A177610B356DC009AF307 /* CoreGraphics.framework in Frameworks */,
				B26A177810B356DC009AF307 /* SystemConfiguration.framework in Frameworks */,
				B26A177A10B356DC009AF307 /* UIKit.framework in Frameworks */,
				B26A17FA10B356E9009AF307 /* libTWToolkit.a in Frameworks */,
			);
			runOnlyForDeploymentPostprocessing = 0;
		};
/* End PBXFrameworksBuildPhase section */

/* Begin PBXGroup section */
		034768DFFF38A50411DB9C8B /* Products */ = {
			isa = PBXGroup;
			children = (
				D2AAC07E0554694100DB518D /* libTWOAuthKit.a */,
			);
			name = Products;
			sourceTree = "<group>";
		};
		0867D691FE84028FC02AAC07 /* TWOAuthKit */ = {
			isa = PBXGroup;
			children = (
				B2BA993F10B352F8001EEA88 /* TWOAuthKit */,
				B2BA993610B352D3001EEA88 /* Other Sources */,
				08FB77AEFE84172EC02AAC07 /* Classes */,
				0867D69AFE84028FC02AAC07 /* Frameworks */,
				034768DFFF38A50411DB9C8B /* Products */,
			);
			name = TWOAuthKit;
			sourceTree = "<group>";
		};
		0867D69AFE84028FC02AAC07 /* Frameworks */ = {
			isa = PBXGroup;
			children = (
				B26A17F110B356E7009AF307 /* TWToolkit.xcodeproj */,
				B26A177510B356DC009AF307 /* CoreGraphics.framework */,
				B26A177710B356DC009AF307 /* SystemConfiguration.framework */,
				B26A177910B356DC009AF307 /* UIKit.framework */,
				AACBBE490F95108600F1A2B1 /* Foundation.framework */,
			);
			name = Frameworks;
			sourceTree = "<group>";
		};
		08FB77AEFE84172EC02AAC07 /* Classes */ = {
			isa = PBXGroup;
			children = (
			);
			name = Classes;
			sourceTree = "<group>";
		};
		B26A171F10B354F5009AF307 /* View Controllers */ = {
			isa = PBXGroup;
			children = (
				B26A172210B354FF009AF307 /* TWTwitterOAuthInternalViewController.h */,
				B26A172310B354FF009AF307 /* TWTwitterOAuthInternalViewController.m */,
				B26A172410B354FF009AF307 /* TWTwitterOAuthViewController.h */,
				B26A172510B354FF009AF307 /* TWTwitterOAuthViewController.m */,
			);
			name = "View Controllers";
			sourceTree = "<group>";
		};
		B26A172A10B35502009AF307 /* OAuth Core */ = {
			isa = PBXGroup;
			children = (
				B26A172B10B3550A009AF307 /* Base64Transcoder.c */,
				B26A172C10B3550A009AF307 /* Base64Transcoder.h */,
				B26A172D10B3550A009AF307 /* OAConsumer.h */,
				B26A172E10B3550A009AF307 /* OAConsumer.m */,
				B26A172F10B3550A009AF307 /* OAHMAC_SHA1SignatureProvider.h */,
				B26A173010B3550A009AF307 /* OAHMAC_SHA1SignatureProvider.m */,
				B26A173110B3550A009AF307 /* OAPlaintextSignatureProvider.h */,
				B26A173210B3550A009AF307 /* OAPlaintextSignatureProvider.m */,
				B26A173310B3550A009AF307 /* OASignatureProviding.h */,
				B26A173410B3550A009AF307 /* OAToken.h */,
				B26A173510B3550A009AF307 /* OAToken.m */,
			);
			name = "OAuth Core";
			sourceTree = "<group>";
		};
		B26A174110B3550C009AF307 /* Categories */ = {
			isa = PBXGroup;
			children = (
				B26A174F10B35583009AF307 /* NSURL+OAuthString.h */,
				B26A175010B35583009AF307 /* NSURL+OAuthString.m */,
				B26A174210B35518009AF307 /* TWURLRequest+OAuth.h */,
				B26A174310B35518009AF307 /* TWURLRequest+OAuth.m */,
			);
			name = Categories;
			sourceTree = "<group>";
		};
		B26A17F210B356E7009AF307 /* Products */ = {
			isa = PBXGroup;
			children = (
				B26A17F910B356E7009AF307 /* libTWToolkit.a */,
			);
			name = Products;
			sourceTree = "<group>";
		};
		B2BA993610B352D3001EEA88 /* Other Sources */ = {
			isa = PBXGroup;
			children = (
				B2BA993710B352D3001EEA88 /* TWOAuthKit_Prefix.pch */,
			);
			path = "Other Sources";
			sourceTree = "<group>";
		};
		B2BA993F10B352F8001EEA88 /* TWOAuthKit */ = {
			isa = PBXGroup;
			children = (
				B2BA994010B3530B001EEA88 /* TWOAuthKit.h */,
				B26A172A10B35502009AF307 /* OAuth Core */,
				B26A171F10B354F5009AF307 /* View Controllers */,
				B26A174110B3550C009AF307 /* Categories */,
			);
			path = TWOAuthKit;
			sourceTree = "<group>";
		};
/* End PBXGroup section */

/* Begin PBXHeadersBuildPhase section */
		D2AAC07A0554694100DB518D /* Headers */ = {
			isa = PBXHeadersBuildPhase;
			buildActionMask = 2147483647;
			files = (
				B2BA993810B352D3001EEA88 /* TWOAuthKit_Prefix.pch in Headers */,
				B2BA994210B3530B001EEA88 /* TWOAuthKit.h in Headers */,
				B26A172610B354FF009AF307 /* TWTwitterOAuthInternalViewController.h in Headers */,
				B26A172810B354FF009AF307 /* TWTwitterOAuthViewController.h in Headers */,
				B26A173710B3550A009AF307 /* Base64Transcoder.h in Headers */,
				B26A173810B3550A009AF307 /* OAConsumer.h in Headers */,
				B26A173A10B3550A009AF307 /* OAHMAC_SHA1SignatureProvider.h in Headers */,
				B26A173C10B3550A009AF307 /* OAPlaintextSignatureProvider.h in Headers */,
				B26A173E10B3550A009AF307 /* OASignatureProviding.h in Headers */,
				B26A173F10B3550A009AF307 /* OAToken.h in Headers */,
				B26A174410B35518009AF307 /* TWURLRequest+OAuth.h in Headers */,
				B26A175110B35583009AF307 /* NSURL+OAuthString.h in Headers */,
			);
			runOnlyForDeploymentPostprocessing = 0;
		};
/* End PBXHeadersBuildPhase section */

/* Begin PBXNativeTarget section */
		D2AAC07D0554694100DB518D /* TWOAuthKit */ = {
			isa = PBXNativeTarget;
			buildConfigurationList = 1DEB921E08733DC00010E9CD /* Build configuration list for PBXNativeTarget "TWOAuthKit" */;
			buildPhases = (
				D2AAC07A0554694100DB518D /* Headers */,
				D2AAC07B0554694100DB518D /* Sources */,
				D2AAC07C0554694100DB518D /* Frameworks */,
			);
			buildRules = (
			);
			dependencies = (
				B26A17FC10B356F0009AF307 /* PBXTargetDependency */,
			);
			name = TWOAuthKit;
			productName = TWOAuthKit;
			productReference = D2AAC07E0554694100DB518D /* libTWOAuthKit.a */;
			productType = "com.apple.product-type.library.static";
		};
/* End PBXNativeTarget section */

/* Begin PBXProject section */
		0867D690FE84028FC02AAC07 /* Project object */ = {
			isa = PBXProject;
			attributes = {
				ORGANIZATIONNAME = "Tasteful Works, Inc";
			};
			buildConfigurationList = 1DEB922208733DC00010E9CD /* Build configuration list for PBXProject "TWOAuthKit" */;
			compatibilityVersion = "Xcode 3.1";
			hasScannedForEncodings = 1;
			mainGroup = 0867D691FE84028FC02AAC07 /* TWOAuthKit */;
			productRefGroup = 034768DFFF38A50411DB9C8B /* Products */;
			projectDirPath = "";
			projectReferences = (
				{
					ProductGroup = B26A17F210B356E7009AF307 /* Products */;
					ProjectRef = B26A17F110B356E7009AF307 /* TWToolkit.xcodeproj */;
				},
			);
			projectRoot = "";
			targets = (
				D2AAC07D0554694100DB518D /* TWOAuthKit */,
			);
		};
/* End PBXProject section */

/* Begin PBXReferenceProxy section */
		B26A17F910B356E7009AF307 /* libTWToolkit.a */ = {
			isa = PBXReferenceProxy;
			fileType = archive.ar;
			path = libTWToolkit.a;
			remoteRef = B26A17F810B356E7009AF307 /* PBXContainerItemProxy */;
			sourceTree = BUILT_PRODUCTS_DIR;
		};
/* End PBXReferenceProxy section */

/* Begin PBXSourcesBuildPhase section */
		D2AAC07B0554694100DB518D /* Sources */ = {
			isa = PBXSourcesBuildPhase;
			buildActionMask = 2147483647;
			files = (
				B26A172710B354FF009AF307 /* TWTwitterOAuthInternalViewController.m in Sources */,
				B26A172910B354FF009AF307 /* TWTwitterOAuthViewController.m in Sources */,
				B26A173610B3550A009AF307 /* Base64Transcoder.c in Sources */,
				B26A173910B3550A009AF307 /* OAConsumer.m in Sources */,
				B26A173B10B3550A009AF307 /* OAHMAC_SHA1SignatureProvider.m in Sources */,
				B26A173D10B3550A009AF307 /* OAPlaintextSignatureProvider.m in Sources */,
				B26A174010B3550A009AF307 /* OAToken.m in Sources */,
				B26A174510B35518009AF307 /* TWURLRequest+OAuth.m in Sources */,
				B26A175210B35583009AF307 /* NSURL+OAuthString.m in Sources */,
			);
			runOnlyForDeploymentPostprocessing = 0;
		};
/* End PBXSourcesBuildPhase section */

/* Begin PBXTargetDependency section */
		B26A17FC10B356F0009AF307 /* PBXTargetDependency */ = {
			isa = PBXTargetDependency;
			name = TWToolkit;
			targetProxy = B26A17FB10B356F0009AF307 /* PBXContainerItemProxy */;
		};
/* End PBXTargetDependency section */

/* Begin XCBuildConfiguration section */
		1DEB921F08733DC00010E9CD /* Debug */ = {
			isa = XCBuildConfiguration;
			buildSettings = {
				ALWAYS_SEARCH_USER_PATHS = NO;
				ARCHS = "$(ARCHS_STANDARD_32_BIT)";
				COPY_PHASE_STRIP = NO;
				DSTROOT = /tmp/TWOAuthKit.dst;
				GCC_DYNAMIC_NO_PIC = NO;
				GCC_ENABLE_FIX_AND_CONTINUE = YES;
				GCC_MODEL_TUNING = G5;
				GCC_OPTIMIZATION_LEVEL = 0;
				GCC_PRECOMPILE_PREFIX_HEADER = YES;
				GCC_PREFIX_HEADER = "Other Sources/TWOAuthKit_Prefix.pch";
				HEADER_SEARCH_PATHS = Frameworks/TWToolkit;
				INSTALL_PATH = /usr/local/lib;
				OTHER_LDFLAGS = (
					"-all_load",
					"-ObjC",
				);
				PRODUCT_NAME = TWOAuthKit;
			};
			name = Debug;
		};
		1DEB922008733DC00010E9CD /* Release */ = {
			isa = XCBuildConfiguration;
			buildSettings = {
				ALWAYS_SEARCH_USER_PATHS = NO;
				ARCHS = "$(ARCHS_STANDARD_32_BIT)";
				DSTROOT = /tmp/TWOAuthKit.dst;
				GCC_MODEL_TUNING = G5;
				GCC_PRECOMPILE_PREFIX_HEADER = YES;
				GCC_PREFIX_HEADER = TWOAuthKit_Prefix.pch;
				INSTALL_PATH = /usr/local/lib;
				PRODUCT_NAME = TWOAuthKit;
			};
			name = Release;
		};
		1DEB922308733DC00010E9CD /* Debug */ = {
			isa = XCBuildConfiguration;
			buildSettings = {
				ARCHS = "$(ARCHS_STANDARD_32_BIT)";
				GCC_C_LANGUAGE_STANDARD = c99;
				GCC_OPTIMIZATION_LEVEL = 0;
				GCC_WARN_ABOUT_RETURN_TYPE = YES;
				GCC_WARN_UNUSED_VARIABLE = YES;
				OTHER_LDFLAGS = "-ObjC";
				PREBINDING = NO;
				SDKROOT = iphoneos3.0;
			};
			name = Debug;
		};
		1DEB922408733DC00010E9CD /* Release */ = {
			isa = XCBuildConfiguration;
			buildSettings = {
				ARCHS = "$(ARCHS_STANDARD_32_BIT)";
				GCC_C_LANGUAGE_STANDARD = c99;
				GCC_WARN_ABOUT_RETURN_TYPE = YES;
				GCC_WARN_UNUSED_VARIABLE = YES;
				OTHER_LDFLAGS = "-ObjC";
				PREBINDING = NO;
				SDKROOT = iphoneos3.0;
			};
			name = Release;
		};
/* End XCBuildConfiguration section */

/* Begin XCConfigurationList section */
		1DEB921E08733DC00010E9CD /* Build configuration list for PBXNativeTarget "TWOAuthKit" */ = {
			isa = XCConfigurationList;
			buildConfigurations = (
				1DEB921F08733DC00010E9CD /* Debug */,
				1DEB922008733DC00010E9CD /* Release */,
			);
			defaultConfigurationIsVisible = 0;
			defaultConfigurationName = Release;
		};
		1DEB922208733DC00010E9CD /* Build configuration list for PBXProject "TWOAuthKit" */ = {
			isa = XCConfigurationList;
			buildConfigurations = (
				1DEB922308733DC00010E9CD /* Debug */,
				1DEB922408733DC00010E9CD /* Release */,
			);
			defaultConfigurationIsVisible = 0;
			defaultConfigurationName = Release;
		};
/* End XCConfigurationList section */
	};
	rootObject = 0867D690FE84028FC02AAC07 /* Project object */;
}
